# This file is generated by running "yarn install" inside your project.
# Manual changes might be lost - proceed with caution!

__metadata:
  version: 5
  cacheKey: 8

"@babel/code-frame@npm:^7.12.13":
  version: 7.16.7
  resolution: "@babel/code-frame@npm:7.16.7"
  dependencies:
    "@babel/highlight": ^7.16.7
  checksum: db2f7faa31bc2c9cf63197b481b30ea57147a5fc1a6fab60e5d6c02cdfbf6de8e17b5121f99917b3dabb5eeb572da078312e70697415940383efc140d4e0808b
  languageName: node
  linkType: hard

"@babel/helper-validator-identifier@npm:^7.16.7":
  version: 7.16.7
  resolution: "@babel/helper-validator-identifier@npm:7.16.7"
  checksum: dbb3db9d184343152520a209b5684f5e0ed416109cde82b428ca9c759c29b10c7450657785a8b5c5256aa74acc6da491c1f0cf6b784939f7931ef82982051b69
  languageName: node
  linkType: hard

"@babel/highlight@npm:^7.16.7":
  version: 7.16.10
  resolution: "@babel/highlight@npm:7.16.10"
  dependencies:
    "@babel/helper-validator-identifier": ^7.16.7
    chalk: ^2.0.0
    js-tokens: ^4.0.0
  checksum: 1f1bdd752a90844f4efc22166a46303fb651ba0fd75a06daba3ebae2575ab3edc1da9827c279872a3aaf305f50a18473c5fa1966752726a2b253065fd4c0745e
  languageName: node
  linkType: hard

"@jest/environment@npm:^27.5.1":
  version: 27.5.1
  resolution: "@jest/environment@npm:27.5.1"
  dependencies:
    "@jest/fake-timers": ^27.5.1
    "@jest/types": ^27.5.1
    "@types/node": "*"
    jest-mock: ^27.5.1
  checksum: 2a9e18c35a015508dbec5b90b21c150230fa6c1c8cb8fabe029d46ee2ca4c40eb832fb636157da14c66590d0a4c8a2c053226b041f54a44507d6f6a89abefd66
  languageName: node
  linkType: hard

"@jest/fake-timers@npm:^27.5.1":
  version: 27.5.1
  resolution: "@jest/fake-timers@npm:27.5.1"
  dependencies:
    "@jest/types": ^27.5.1
    "@sinonjs/fake-timers": ^8.0.1
    "@types/node": "*"
    jest-message-util: ^27.5.1
    jest-mock: ^27.5.1
    jest-util: ^27.5.1
  checksum: 02a0561ed2f4586093facd4ae500b74694f187ac24d4a00e949a39a1c5325bca8932b4fcb0388a2c5ed0656506fc1cf51fd3e32cdd48cea7497ad9c6e028aba8
  languageName: node
  linkType: hard

"@jest/globals@npm:^27.5.1":
  version: 27.5.1
  resolution: "@jest/globals@npm:27.5.1"
  dependencies:
    "@jest/environment": ^27.5.1
    "@jest/types": ^27.5.1
    expect: ^27.5.1
  checksum: 087f97047e9dcf555f76fe2ce54aee681e005eaa837a0c0c2d251df6b6412c892c9df54cb871b180342114389a5ff895a4e52e6e6d3d0015bf83c02a54f64c3c
  languageName: node
  linkType: hard

"@jest/types@npm:^27.5.1":
  version: 27.5.1
  resolution: "@jest/types@npm:27.5.1"
  dependencies:
    "@types/istanbul-lib-coverage": ^2.0.0
    "@types/istanbul-reports": ^3.0.0
    "@types/node": "*"
    "@types/yargs": ^16.0.0
    chalk: ^4.0.0
  checksum: d1f43cc946d87543ddd79d49547aab2399481d34025d5c5f2025d3d99c573e1d9832fa83cef25e9d9b07a8583500229d15bbb07b8e233d127d911d133e2f14b1
  languageName: node
  linkType: hard

"@sinonjs/commons@npm:^1.7.0":
  version: 1.8.3
  resolution: "@sinonjs/commons@npm:1.8.3"
  dependencies:
    type-detect: 4.0.8
  checksum: 6159726db5ce6bf9f2297f8427f7ca5b3dff45b31e5cee23496f1fa6ef0bb4eab878b23fb2c5e6446381f6a66aba4968ef2fc255c1180d753d4b8c271636a2e5
  languageName: node
  linkType: hard

"@sinonjs/fake-timers@npm:^8.0.1":
  version: 8.1.0
  resolution: "@sinonjs/fake-timers@npm:8.1.0"
  dependencies:
    "@sinonjs/commons": ^1.7.0
  checksum: 09b5a158ce013a6c37613258bad79ca4efeb99b1f59c41c73cca36cac00b258aefcf46eeea970fccf06b989414d86fe9f54c1102272c0c3bdd51a313cea80949
  languageName: node
  linkType: hard

"@types/istanbul-lib-coverage@npm:*, @types/istanbul-lib-coverage@npm:^2.0.0":
  version: 2.0.4
  resolution: "@types/istanbul-lib-coverage@npm:2.0.4"
  checksum: a25d7589ee65c94d31464c16b72a9dc81dfa0bea9d3e105ae03882d616e2a0712a9c101a599ec482d297c3591e16336962878cb3eb1a0a62d5b76d277a890ce7
  languageName: node
  linkType: hard

"@types/istanbul-lib-report@npm:*":
  version: 3.0.0
  resolution: "@types/istanbul-lib-report@npm:3.0.0"
  dependencies:
    "@types/istanbul-lib-coverage": "*"
  checksum: 656398b62dc288e1b5226f8880af98087233cdb90100655c989a09f3052b5775bf98ba58a16c5ae642fb66c61aba402e07a9f2bff1d1569e3b306026c59f3f36
  languageName: node
  linkType: hard

"@types/istanbul-reports@npm:^3.0.0":
  version: 3.0.1
  resolution: "@types/istanbul-reports@npm:3.0.1"
  dependencies:
    "@types/istanbul-lib-report": "*"
  checksum: f1ad54bc68f37f60b30c7915886b92f86b847033e597f9b34f2415acdbe5ed742fa559a0a40050d74cdba3b6a63c342cac1f3a64dba5b68b66a6941f4abd7903
  languageName: node
  linkType: hard

"@types/node@npm:*":
  version: 17.0.17
  resolution: "@types/node@npm:17.0.17"
  checksum: 8ddba2829acdf1684fbd8fd248ec13f033efb70ecd1085677b547c40ef8e936a006b95eac3bdc28c47939c62526f3f027afeb4a930e30e4394923bbae4626476
  languageName: node
  linkType: hard

"@types/stack-utils@npm:^2.0.0":
  version: 2.0.1
  resolution: "@types/stack-utils@npm:2.0.1"
  checksum: 205fdbe3326b7046d7eaf5e494d8084f2659086a266f3f9cf00bccc549c8e36e407f88168ad4383c8b07099957ad669f75f2532ed4bc70be2b037330f7bae019
  languageName: node
  linkType: hard

"@types/yargs-parser@npm:*":
  version: 20.2.1
  resolution: "@types/yargs-parser@npm:20.2.1"
  checksum: 1d039e64494a7a61ddd278349a3dc60b19f99ff0517425696e796f794e4252452b9d62178e69755ad03f439f9dc0c8c3d7b3a1201b3a24e134bac1a09fa11eaa
  languageName: node
  linkType: hard

"@types/yargs@npm:^16.0.0":
  version: 16.0.4
  resolution: "@types/yargs@npm:16.0.4"
  dependencies:
    "@types/yargs-parser": "*"
  checksum: caa21d2c957592fe2184a8368c8cbe5a82a6c2e2f2893722e489f842dc5963293d2f3120bc06fe3933d60a3a0d1e2eb269649fd6b1947fe1820f8841ba611dd9
  languageName: node
  linkType: hard

"ansi-regex@npm:^5.0.1":
  version: 5.0.1
  resolution: "ansi-regex@npm:5.0.1"
  checksum: 2aa4bb54caf2d622f1afdad09441695af2a83aa3fe8b8afa581d205e57ed4261c183c4d3877cee25794443fde5876417d859c108078ab788d6af7e4fe52eb66b
  languageName: node
  linkType: hard

"ansi-styles@npm:^3.2.1":
  version: 3.2.1
  resolution: "ansi-styles@npm:3.2.1"
  dependencies:
    color-convert: ^1.9.0
  checksum: d85ade01c10e5dd77b6c89f34ed7531da5830d2cb5882c645f330079975b716438cd7ebb81d0d6e6b4f9c577f19ae41ab55f07f19786b02f9dfd9e0377395665
  languageName: node
  linkType: hard

"ansi-styles@npm:^4.1.0":
  version: 4.3.0
  resolution: "ansi-styles@npm:4.3.0"
  dependencies:
    color-convert: ^2.0.1
  checksum: 513b44c3b2105dd14cc42a19271e80f386466c4be574bccf60b627432f9198571ebf4ab1e4c3ba17347658f4ee1711c163d574248c0c1cdc2d5917a0ad582ec4
  languageName: node
  linkType: hard

"ansi-styles@npm:^5.0.0":
  version: 5.2.0
  resolution: "ansi-styles@npm:5.2.0"
  checksum: d7f4e97ce0623aea6bc0d90dcd28881ee04cba06c570b97fd3391bd7a268eedfd9d5e2dd4fdcbdd82b8105df5faf6f24aaedc08eaf3da898e702db5948f63469
  languageName: node
  linkType: hard

"braces@npm:^3.0.1":
  version: 3.0.2
  resolution: "braces@npm:3.0.2"
  dependencies:
    fill-range: ^7.0.1
  checksum: e2a8e769a863f3d4ee887b5fe21f63193a891c68b612ddb4b68d82d1b5f3ff9073af066c343e9867a393fe4c2555dcb33e89b937195feb9c1613d259edfcd459
  languageName: node
  linkType: hard

"chalk@npm:^2.0.0":
  version: 2.4.2
  resolution: "chalk@npm:2.4.2"
  dependencies:
    ansi-styles: ^3.2.1
    escape-string-regexp: ^1.0.5
    supports-color: ^5.3.0
  checksum: ec3661d38fe77f681200f878edbd9448821924e0f93a9cefc0e26a33b145f1027a2084bf19967160d11e1f03bfe4eaffcabf5493b89098b2782c3fe0b03d80c2
  languageName: node
  linkType: hard

"chalk@npm:^4.0.0":
  version: 4.1.2
  resolution: "chalk@npm:4.1.2"
  dependencies:
    ansi-styles: ^4.1.0
    supports-color: ^7.1.0
  checksum: fe75c9d5c76a7a98d45495b91b2172fa3b7a09e0cc9370e5c8feb1c567b85c4288e2b3fded7cfdd7359ac28d6b3844feb8b82b8686842e93d23c827c417e83fc
  languageName: node
  linkType: hard

"ci-info@npm:^3.2.0":
  version: 3.3.0
  resolution: "ci-info@npm:3.3.0"
  checksum: c3d86fe374938ecda5093b1ba39acb535d8309185ba3f23587747c6a057e63f45419b406d880304dbc0e1d72392c9a33e42fe9a1e299209bc0ded5efaa232b66
  languageName: node
  linkType: hard

"color-convert@npm:^1.9.0":
  version: 1.9.3
  resolution: "color-convert@npm:1.9.3"
  dependencies:
    color-name: 1.1.3
  checksum: fd7a64a17cde98fb923b1dd05c5f2e6f7aefda1b60d67e8d449f9328b4e53b228a428fd38bfeaeb2db2ff6b6503a776a996150b80cdf224062af08a5c8a3a203
  languageName: node
  linkType: hard

"color-convert@npm:^2.0.1":
  version: 2.0.1
  resolution: "color-convert@npm:2.0.1"
  dependencies:
    color-name: ~1.1.4
  checksum: 79e6bdb9fd479a205c71d89574fccfb22bd9053bd98c6c4d870d65c132e5e904e6034978e55b43d69fcaa7433af2016ee203ce76eeba9cfa554b373e7f7db336
  languageName: node
  linkType: hard

"color-name@npm:1.1.3":
  version: 1.1.3
  resolution: "color-name@npm:1.1.3"
  checksum: 09c5d3e33d2105850153b14466501f2bfb30324a2f76568a408763a3b7433b0e50e5b4ab1947868e65cb101bb7cb75029553f2c333b6d4b8138a73fcc133d69d
  languageName: node
  linkType: hard

"color-name@npm:~1.1.4":
  version: 1.1.4
  resolution: "color-name@npm:1.1.4"
  checksum: b0445859521eb4021cd0fb0cc1a75cecf67fceecae89b63f62b201cca8d345baf8b952c966862a9d9a2632987d4f6581f0ec8d957dfacece86f0a7919316f610
  languageName: node
  linkType: hard

"diff-sequences@npm:^27.5.1":
  version: 27.5.1
  resolution: "diff-sequences@npm:27.5.1"
  checksum: a00db5554c9da7da225db2d2638d85f8e41124eccbd56cbaefb3b276dcbb1c1c2ad851c32defe2055a54a4806f030656cbf6638105fd6ce97bb87b90b32a33ca
  languageName: node
  linkType: hard

"escape-string-regexp@npm:^1.0.5":
  version: 1.0.5
  resolution: "escape-string-regexp@npm:1.0.5"
  checksum: 6092fda75c63b110c706b6a9bfde8a612ad595b628f0bd2147eea1d3406723020810e591effc7db1da91d80a71a737a313567c5abb3813e8d9c71f4aa595b410
  languageName: node
  linkType: hard

"escape-string-regexp@npm:^2.0.0":
  version: 2.0.0
  resolution: "escape-string-regexp@npm:2.0.0"
  checksum: 9f8a2d5743677c16e85c810e3024d54f0c8dea6424fad3c79ef6666e81dd0846f7437f5e729dfcdac8981bc9e5294c39b4580814d114076b8d36318f46ae4395
  languageName: node
  linkType: hard

"expect@npm:^27.5.1":
  version: 27.5.1
  resolution: "expect@npm:27.5.1"
  dependencies:
    "@jest/types": ^27.5.1
    jest-get-type: ^27.5.1
    jest-matcher-utils: ^27.5.1
    jest-message-util: ^27.5.1
  checksum: b2c66beb52de53ef1872165aace40224e722bca3c2274c54cfa74b6d617d55cf0ccdbf36783ccd64dbea501b280098ed33fd0b207d4f15bc03cd3c7a24364a6a
  languageName: node
  linkType: hard

"fill-range@npm:^7.0.1":
  version: 7.0.1
  resolution: "fill-range@npm:7.0.1"
  dependencies:
    to-regex-range: ^5.0.1
  checksum: cc283f4e65b504259e64fd969bcf4def4eb08d85565e906b7d36516e87819db52029a76b6363d0f02d0d532f0033c9603b9e2d943d56ee3b0d4f7ad3328ff917
  languageName: node
  linkType: hard

"graceful-fs@npm:^4.2.9":
  version: 4.2.9
  resolution: "graceful-fs@npm:4.2.9"
  checksum: 68ea4e07ff2c041ada184f9278b830375f8e0b75154e3f080af6b70f66172fabb4108d19b3863a96b53fc068a310b9b6493d86d1291acc5f3861eb4b79d26ad6
  languageName: node
  linkType: hard

"has-flag@npm:^3.0.0":
  version: 3.0.0
  resolution: "has-flag@npm:3.0.0"
  checksum: 4a15638b454bf086c8148979aae044dd6e39d63904cd452d970374fa6a87623423da485dfb814e7be882e05c096a7ccf1ebd48e7e7501d0208d8384ff4dea73b
  languageName: node
  linkType: hard

"has-flag@npm:^4.0.0":
  version: 4.0.0
  resolution: "has-flag@npm:4.0.0"
  checksum: 261a1357037ead75e338156b1f9452c016a37dcd3283a972a30d9e4a87441ba372c8b81f818cd0fbcd9c0354b4ae7e18b9e1afa1971164aef6d18c2b6095a8ad
  languageName: node
  linkType: hard

"is-number@npm:^7.0.0":
  version: 7.0.0
  resolution: "is-number@npm:7.0.0"
  checksum: 456ac6f8e0f3111ed34668a624e45315201dff921e5ac181f8ec24923b99e9f32ca1a194912dc79d539c97d33dba17dc635202ff0b2cf98326f608323276d27a
  languageName: node
  linkType: hard

"jest-diff@npm:^27.5.1":
  version: 27.5.1
  resolution: "jest-diff@npm:27.5.1"
  dependencies:
    chalk: ^4.0.0
    diff-sequences: ^27.5.1
    jest-get-type: ^27.5.1
    pretty-format: ^27.5.1
  checksum: 8be27c1e1ee57b2bb2bef9c0b233c19621b4c43d53a3c26e2c00a4e805eb4ea11fe1694a06a9fb0e80ffdcfdc0d2b1cb0b85920b3f5c892327ecd1e7bd96b865
  languageName: node
  linkType: hard

"jest-get-type@npm:^27.5.1":
  version: 27.5.1
  resolution: "jest-get-type@npm:27.5.1"
  checksum: 63064ab70195c21007d897c1157bf88ff94a790824a10f8c890392e7d17eda9c3900513cb291ca1c8d5722cad79169764e9a1279f7c8a9c4cd6e9109ff04bbc0
  languageName: node
  linkType: hard

"jest-globals@workspace:.":
  version: 0.0.0-use.local
  resolution: "jest-globals@workspace:."
  dependencies:
    "@jest/globals": ^27.5.1
  languageName: unknown
  linkType: soft

"jest-matcher-utils@npm:^27.5.1":
  version: 27.5.1
  resolution: "jest-matcher-utils@npm:27.5.1"
  dependencies:
    chalk: ^4.0.0
    jest-diff: ^27.5.1
    jest-get-type: ^27.5.1
    pretty-format: ^27.5.1
  checksum: bb2135fc48889ff3fe73888f6cc7168ddab9de28b51b3148f820c89fdfd2effdcad005f18be67d0b9be80eda208ad47290f62f03d0a33f848db2dd0273c8217a
  languageName: node
  linkType: hard

"jest-message-util@npm:^27.5.1":
  version: 27.5.1
  resolution: "jest-message-util@npm:27.5.1"
  dependencies:
    "@babel/code-frame": ^7.12.13
    "@jest/types": ^27.5.1
    "@types/stack-utils": ^2.0.0
    chalk: ^4.0.0
    graceful-fs: ^4.2.9
    micromatch: ^4.0.4
    pretty-format: ^27.5.1
    slash: ^3.0.0
    stack-utils: ^2.0.3
  checksum: eb6d637d1411c71646de578c49826b6da8e33dd293e501967011de9d1916d53d845afbfb52a5b661ff1c495be7c13f751c48c7f30781fd94fbd64842e8195796
  languageName: node
  linkType: hard

"jest-mock@npm:^27.5.1":
  version: 27.5.1
  resolution: "jest-mock@npm:27.5.1"
  dependencies:
    "@jest/types": ^27.5.1
    "@types/node": "*"
  checksum: f5b5904bb1741b4a1687a5f492535b7b1758dc26534c72a5423305f8711292e96a601dec966df81bb313269fb52d47227e29f9c2e08324d79529172f67311be0
  languageName: node
  linkType: hard

"jest-util@npm:^27.5.1":
  version: 27.5.1
  resolution: "jest-util@npm:27.5.1"
  dependencies:
    "@jest/types": ^27.5.1
    "@types/node": "*"
    chalk: ^4.0.0
    ci-info: ^3.2.0
    graceful-fs: ^4.2.9
    picomatch: ^2.2.3
  checksum: ac8d122f6daf7a035dcea156641fd3701aeba245417c40836a77e35b3341b9c02ddc5d904cfcd4ddbaa00ab854da76d3b911870cafdcdbaff90ea471de26c7d7
  languageName: node
  linkType: hard

"js-tokens@npm:^4.0.0":
  version: 4.0.0
  resolution: "js-tokens@npm:4.0.0"
  checksum: 8a95213a5a77deb6cbe94d86340e8d9ace2b93bc367790b260101d2f36a2eaf4e4e22d9fa9cf459b38af3a32fb4190e638024cf82ec95ef708680e405ea7cc78
  languageName: node
  linkType: hard

"micromatch@npm:^4.0.4":
  version: 4.0.4
  resolution: "micromatch@npm:4.0.4"
  dependencies:
    braces: ^3.0.1
    picomatch: ^2.2.3
  checksum: ef3d1c88e79e0a68b0e94a03137676f3324ac18a908c245a9e5936f838079fcc108ac7170a5fadc265a9c2596963462e402841406bda1a4bb7b68805601d631c
  languageName: node
  linkType: hard

"picomatch@npm:^2.2.3":
  version: 2.3.1
  resolution: "picomatch@npm:2.3.1"
  checksum: 050c865ce81119c4822c45d3c84f1ced46f93a0126febae20737bd05ca20589c564d6e9226977df859ed5e03dc73f02584a2b0faad36e896936238238b0446cf
  languageName: node
  linkType: hard

"pretty-format@npm:^27.5.1":
  version: 27.5.1
  resolution: "pretty-format@npm:27.5.1"
  dependencies:
    ansi-regex: ^5.0.1
    ansi-styles: ^5.0.0
    react-is: ^17.0.1
  checksum: cf610cffcb793885d16f184a62162f2dd0df31642d9a18edf4ca298e909a8fe80bdbf556d5c9573992c102ce8bf948691da91bf9739bee0ffb6e79c8a8a6e088
  languageName: node
  linkType: hard

"react-is@npm:^17.0.1":
  version: 17.0.2
  resolution: "react-is@npm:17.0.2"
  checksum: 9d6d111d8990dc98bc5402c1266a808b0459b5d54830bbea24c12d908b536df7883f268a7868cfaedde3dd9d4e0d574db456f84d2e6df9c4526f99bb4b5344d8
  languageName: node
  linkType: hard

"slash@npm:^3.0.0":
  version: 3.0.0
  resolution: "slash@npm:3.0.0"
  checksum: 94a93fff615f25a999ad4b83c9d5e257a7280c90a32a7cb8b4a87996e4babf322e469c42b7f649fd5796edd8687652f3fb452a86dc97a816f01113183393f11c
  languageName: node
  linkType: hard

"stack-utils@npm:^2.0.3":
  version: 2.0.5
  resolution: "stack-utils@npm:2.0.5"
  dependencies:
    escape-string-regexp: ^2.0.0
  checksum: 76b69da0f5b48a34a0f93c98ee2a96544d2c4ca2557f7eef5ddb961d3bdc33870b46f498a84a7c4f4ffb781df639840e7ebf6639164ed4da5e1aeb659615b9c7
  languageName: node
  linkType: hard

"supports-color@npm:^5.3.0":
  version: 5.5.0
  resolution: "supports-color@npm:5.5.0"
  dependencies:
    has-flag: ^3.0.0
  checksum: 95f6f4ba5afdf92f495b5a912d4abee8dcba766ae719b975c56c084f5004845f6f5a5f7769f52d53f40e21952a6d87411bafe34af4a01e65f9926002e38e1dac
  languageName: node
  linkType: hard

"supports-color@npm:^7.1.0":
  version: 7.2.0
  resolution: "supports-color@npm:7.2.0"
  dependencies:
    has-flag: ^4.0.0
  checksum: 3dda818de06ebbe5b9653e07842d9479f3555ebc77e9a0280caf5a14fb877ffee9ed57007c3b78f5a6324b8dbeec648d9e97a24e2ed9fdb81ddc69ea07100f4a
  languageName: node
  linkType: hard

"to-regex-range@npm:^5.0.1":
  version: 5.0.1
  resolution: "to-regex-range@npm:5.0.1"
  dependencies:
    is-number: ^7.0.0
  checksum: f76fa01b3d5be85db6a2a143e24df9f60dd047d151062d0ba3df62953f2f697b16fe5dad9b0ac6191c7efc7b1d9dcaa4b768174b7b29da89d4428e64bc0a20ed
  languageName: node
  linkType: hard

"type-detect@npm:4.0.8":
  version: 4.0.8
  resolution: "type-detect@npm:4.0.8"
  checksum: 62b5628bff67c0eb0b66afa371bd73e230399a8d2ad30d852716efcc4656a7516904570cd8631a49a3ce57c10225adf5d0cbdcb47f6b0255fe6557c453925a15
  languageName: node
  linkType: hard
