# This file is generated by running "yarn install" inside your project.
# Manual changes might be lost - proceed with caution!

__metadata:
  version: 6
  cacheKey: 8

"@googlemaps/markerclusterer@npm:^2.0.14":
  version: 2.0.14
  resolution: "@googlemaps/markerclusterer@npm:2.0.14"
  dependencies:
    fast-deep-equal: ^3.1.3
    supercluster: ^7.1.3
  checksum: 64b59a041f5eac148c43088716de1dcfc4959908b47817e087db534862e5afe7ad1867de61f8e1242c8ed7b23dab2a5a6496a3280000756e5a5e6f105b27497d
  languageName: node
  linkType: hard

"@types/lodash-es@npm:^4.17.6":
  version: 4.17.6
  resolution: "@types/lodash-es@npm:4.17.6"
  dependencies:
    "@types/lodash": "*"
  checksum: 9bd239dd525086e278821949ce12fbdd4f100a060fed9323fc7ad5661113e1641f28a7ebab617230ed3474680d8f4de705c1928b48252bb684be6ec9eed715db
  languageName: node
  linkType: hard

"@types/lodash@npm:*":
  version: 4.14.182
  resolution: "@types/lodash@npm:4.14.182"
  checksum: 7dd137aa9dbabd632408bd37009d984655164fa1ecc3f2b6eb94afe35bf0a5852cbab6183148d883e9c73a958b7fec9a9bcf7c8e45d41195add6a18c34958209
  languageName: node
  linkType: hard

"fast-deep-equal@npm:^3.1.3":
  version: 3.1.3
  resolution: "fast-deep-equal@npm:3.1.3"
  checksum: e21a9d8d84f53493b6aa15efc9cfd53dd5b714a1f23f67fb5dc8f574af80df889b3bce25dc081887c6d25457cce704e636395333abad896ccdec03abaf1f3f9d
  languageName: node
  linkType: hard

"kdbush@npm:^3.0.0":
  version: 3.0.0
  resolution: "kdbush@npm:3.0.0"
  checksum: bc5fa433958e42664a8a92457e4f0d1db55b3b8e36956aac0102964adb2eab043bdbff156570dc8d867144ceff588fb7a1c6e099ba9be068cd1767a73e1ace92
  languageName: node
  linkType: hard

"lodash-es@npm:^4.17.21":
  version: 4.17.21
  resolution: "lodash-es@npm:4.17.21"
  checksum: 05cbffad6e2adbb331a4e16fbd826e7faee403a1a04873b82b42c0f22090f280839f85b95393f487c1303c8a3d2a010048bf06151a6cbe03eee4d388fb0a12d2
  languageName: node
  linkType: hard

"process-js-packages@workspace:.":
  version: 0.0.0-use.local
  resolution: "process-js-packages@workspace:."
  dependencies:
    "@googlemaps/markerclusterer": ^2.0.14
    "@types/lodash-es": ^4.17.6
    lodash-es: ^4.17.21
    tslib: ^2.4.1
  languageName: unknown
  linkType: soft

"supercluster@npm:^7.1.3":
  version: 7.1.5
  resolution: "supercluster@npm:7.1.5"
  dependencies:
    kdbush: ^3.0.0
  checksum: 69863238870093b96617135884721b6343746e14f396b2d67d6b55c52c362ec0516c5e386aa21815e75a9cef2054e831ac34023d0d8b600091d28cea0794f027
  languageName: node
  linkType: hard

"tslib@npm:^2.4.1":
  version: 2.4.1
  resolution: "tslib@npm:2.4.1"
  checksum: 19480d6e0313292bd6505d4efe096a6b31c70e21cf08b5febf4da62e95c265c8f571f7b36fcc3d1a17e068032f59c269fab3459d6cd3ed6949eafecf64315fca
  languageName: node
  linkType: hard
