# This file is generated by running "yarn install" inside your project.
# Manual changes might be lost - proceed with caution!

__metadata:
  version: 8
  cacheKey: 10

"@primeuix/styled@npm:^0.7.3":
  version: 0.7.3
  resolution: "@primeuix/styled@npm:0.7.3"
  dependencies:
    "@primeuix/utils": "npm:^0.6.1"
  checksum: 10/7b114428e91f48d6a904caf42e3c12c7627f8963f12e1160e9e617cda7fc355ca09e3b41c91ce117c4937b982eb7d556836b6fce0508d34b85849ca694323a9f
  languageName: node
  linkType: hard

"@primeuix/styles@npm:^1.2.4":
  version: 1.2.5
  resolution: "@primeuix/styles@npm:1.2.5"
  dependencies:
    "@primeuix/styled": "npm:^0.7.3"
  checksum: 10/25310bd0e441b3aeece0ea65e1c8ed89915cc242581a045e8c6aca46fd4d1ba2db7177a8ebe614fd0d9484f041227195943168fbd3d35a8bc925d1df896336e2
  languageName: node
  linkType: hard

"@primeuix/utils@npm:^0.6.1":
  version: 0.6.1
  resolution: "@primeuix/utils@npm:0.6.1"
  checksum: 10/0b16209ebc01b642ab185f3cbc6583eaef8daee53af3d9538ff19abd02d946de9a1ae01b5519e70864cc84e9d035be008ca9ee4d6608568fcc2301f9dcef27ad
  languageName: node
  linkType: hard

"custom-jsdom-env@workspace:.":
  version: 0.0.0-use.local
  resolution: "custom-jsdom-env@workspace:."
  dependencies:
    primeicons: "npm:^7.0.0"
    primeng: "npm:^20.2.0"
  languageName: unknown
  linkType: soft

"primeicons@npm:^7.0.0":
  version: 7.0.0
  resolution: "primeicons@npm:7.0.0"
  checksum: 10/ff1d698a4d5932105393cd3288c6b1fd92ad30b6fbce1b49de86bcc1917d74d6769c12061d43aa8657fe52ac79d9336527f0708d8c5a0347a1ddcd3e47d0eb73
  languageName: node
  linkType: hard

"primeng@npm:^20.2.0":
  version: 20.2.0
  resolution: "primeng@npm:20.2.0"
  dependencies:
    "@primeuix/styled": "npm:^0.7.3"
    "@primeuix/styles": "npm:^1.2.4"
    "@primeuix/utils": "npm:^0.6.1"
    tslib: "npm:^2.3.0"
  peerDependencies:
    "@angular/animations": ^20.0.4
    "@angular/cdk": ^20.0.3
    "@angular/common": ^20.0.4
    "@angular/core": ^20.0.4
    "@angular/forms": ^20.0.4
    "@angular/platform-browser": ^20.0.4
    "@angular/router": ^20.0.4
    rxjs: ^6.0.0 || ^7.8.1
  checksum: 10/eb3cc1a5b7a96e0b1fbd235b56113099ce248fe344d5174b985d7eb3e1d4dba96917ba311e7c158a7ab2b8f9bfdd5371088484511cb22eb96e5c8aa4e240ae09
  languageName: node
  linkType: hard

"tslib@npm:^2.3.0":
  version: 2.8.1
  resolution: "tslib@npm:2.8.1"
  checksum: 10/3e2e043d5c2316461cb54e5c7fe02c30ef6dccb3384717ca22ae5c6b5bc95232a6241df19c622d9c73b809bea33b187f6dbc73030963e29950c2141bc32a79f7
  languageName: node
  linkType: hard
