# This file is generated by running "yarn install" inside your project.
# Manual changes might be lost - proceed with caution!

__metadata:
  version: 10
  cacheKey: 10

"@asamuzakjp/css-color@npm:^7.0.0":
  version: 7.0.1
  resolution: "@asamuzakjp/css-color@npm:7.0.1"
  dependencies:
    "@csstools/css-calc": "npm:^3.4.0"
    "@csstools/css-color-parser": "npm:^4.2.3"
    "@csstools/css-parser-algorithms": "npm:^4.0.0"
    "@csstools/css-tokenizer": "npm:^4.0.1"
    lru-cache: "npm:^11.5.3"
  checksum: 10/ee5671ee0a162929e1e1226e08458cae4cb3bc5efcc76997871571b124c183887639c7f0c5ecfebb236dd617f004e5d409cc1da550f145bcdbf46c80b0a0f259
  languageName: node
  linkType: hard

"@asamuzakjp/dom-selector@npm:^9.1.2":
  version: 9.2.1
  resolution: "@asamuzakjp/dom-selector@npm:9.2.1"
  dependencies:
    bidi-js: "npm:^1.1.0"
    css-tree: "npm:^3.2.1"
    is-potential-custom-element-name: "npm:^1.0.1"
    lru-cache: "npm:^11.5.3"
  checksum: 10/afd71b04c73b113c4bbc747337e4a66bc14e503083ad32ea76147c78e58321cb5b5322f6c1a624dd69b8be6ffbf6451e8a012b3df07ad640453d6de2d99fe190
  languageName: node
  linkType: hard

"@bramus/specificity@npm:^2.4.2":
  version: 2.4.2
  resolution: "@bramus/specificity@npm:2.4.2"
  dependencies:
    css-tree: "npm:^3.0.0"
  bin:
    specificity: bin/cli.js
  checksum: 10/4255ed6ff12f7db9ec3c21acfd0da2327d30ec29deb199345810cdcad992618f40039c5483eefeb665913bffbc80b690e9f1b954fbbbfa93480c6a22f9c3a69c
  languageName: node
  linkType: hard

"@csstools/color-helpers@npm:^6.1.1":
  version: 6.1.1
  resolution: "@csstools/color-helpers@npm:6.1.1"
  checksum: 10/79d96c079a0e65cd718183914902e5e914517b07e685e92a7b0e4f4bc2feb3c222bd2b0e723b6ef520fd08de7eefd1e19c073de2a94f2e2c08e9f06da5ad89d4
  languageName: node
  linkType: hard

"@csstools/css-calc@npm:^3.4.0":
  version: 3.4.0
  resolution: "@csstools/css-calc@npm:3.4.0"
  peerDependencies:
    "@csstools/css-parser-algorithms": ^4.0.0
    "@csstools/css-tokenizer": ^4.0.0
  checksum: 10/d015a7b70ed26ea1723f6e003fde1adf43f80a86c0823d7409b1d0cf79b42a44a6664d8bf2150017baa6f9bd3dc1a0ef6ca4e1e5f731b942335611c9ed66f917
  languageName: node
  linkType: hard

"@csstools/css-color-parser@npm:^4.2.3":
  version: 4.2.3
  resolution: "@csstools/css-color-parser@npm:4.2.3"
  dependencies:
    "@csstools/color-helpers": "npm:^6.1.1"
    "@csstools/css-calc": "npm:^3.4.0"
  peerDependencies:
    "@csstools/css-parser-algorithms": ^4.0.0
    "@csstools/css-tokenizer": ^4.0.0
  checksum: 10/145e71491f0370b08f1fe25fad00b2c3f28afe02db615875d7de8e759638f6115a8b77531dd27b27d830c37f2810f82071780c2d1eb2d1b9c38eef45e530bdda
  languageName: node
  linkType: hard

"@csstools/css-parser-algorithms@npm:^4.0.0":
  version: 4.0.0
  resolution: "@csstools/css-parser-algorithms@npm:4.0.0"
  peerDependencies:
    "@csstools/css-tokenizer": ^4.0.0
  checksum: 10/000f3ba55f440d9fbece50714e88f9d4479e2bde9e0568333492663f2c6034dc31d0b9ef5d66d196c76be58eea145ca6920aa8bdfdcc6361894806c21b5402d0
  languageName: node
  linkType: hard

"@csstools/css-syntax-patches-for-csstree@npm:^1.1.13":
  version: 1.1.14
  resolution: "@csstools/css-syntax-patches-for-csstree@npm:1.1.14"
  peerDependencies:
    css-tree: ^3.2.1
  peerDependenciesMeta:
    css-tree:
      optional: true
  checksum: 10/9bbda2079f14b43f0f5635f522b9919a9201f19fb9ea03513a8d10c116a9e35a64455112b037f0f60062eb67c05abd76dec72ae195fb33e8925277456b7d78b9
  languageName: node
  linkType: hard

"@csstools/css-tokenizer@npm:^4.0.1":
  version: 4.0.1
  resolution: "@csstools/css-tokenizer@npm:4.0.1"
  checksum: 10/2b434814f71c2d0ada19fc517df0089ef72a59b50f34d31abe3e923bec0371d1aba795c8dbecacfe6d0009da5512c80beaf30cabe91915beb2a450b17b30e49d
  languageName: node
  linkType: hard

"@exodus/bytes@npm:^1.11.0, @exodus/bytes@npm:^1.15.1, @exodus/bytes@npm:^1.6.0":
  version: 1.15.2
  resolution: "@exodus/bytes@npm:1.15.2"
  peerDependencies:
    "@noble/hashes": ^1.8.0 || ^2.0.0
  peerDependenciesMeta:
    "@noble/hashes":
      optional: true
  checksum: 10/2c4f2410aad1b8884255ac69f3e397fbe114778340782b45d3f87006d9c4176b879bcfeb422d0777f5d0c98fcad0a7e39e2400ef4cf5b160a3f71e66fa39160c
  languageName: node
  linkType: hard

"@noble/ed25519@npm:2.3.0":
  version: 2.3.0
  resolution: "@noble/ed25519@npm:2.3.0"
  checksum: 10/3b12a7ac401ac625c59ab4b597d415aea3b855cdfa2563529863c9848b6c143b29fb1f0e462acec947bd20ab4fac0d8cfe892231566cbdcf6bdd13532241191b
  languageName: node
  linkType: hard

"@noble/hashes@npm:2.2.0":
  version: 2.2.0
  resolution: "@noble/hashes@npm:2.2.0"
  checksum: 10/b1b78bedc2a01394be047429f3d888905015fe8a09f1b7e43e0b5736b54133df62f73dcc73ede43af38e96e86156afb45b86973fdeaa95d9f0880333c3fc0907
  languageName: node
  linkType: hard

"@primeicons/angular@npm:^8.0.0":
  version: 8.0.0
  resolution: "@primeicons/angular@npm:8.0.0"
  dependencies:
    "@primeicons/core": "npm:8.0.0"
    "@primeuix/utils": "npm:^0.8.0"
    tslib: "npm:^2"
  peerDependencies:
    "@angular/core": ">=21"
  checksum: 10/491fb5d8ce8839c108f8089766c4ce93460bd80e2653a5a34b332336ab7aed8407aa58ced3f376cc60234554e25221cf320cc01e33390716175238ee0cae8ab6
  languageName: node
  linkType: hard

"@primeicons/core@npm:8.0.0":
  version: 8.0.0
  resolution: "@primeicons/core@npm:8.0.0"
  dependencies:
    "@primeuix/utils": "npm:^0.8.0"
  checksum: 10/003e9c824cdb3eec1ec39eb2bfa5a4b1a2088951d887da58c0d384886190e7c6589c4cf9bca0bb43334228f4318049145a63a5813b75a100dc1d9aaa9b9aaa9f
  languageName: node
  linkType: hard

"@primeui/license-manager@npm:^1.0.0":
  version: 1.0.0
  resolution: "@primeui/license-manager@npm:1.0.0"
  dependencies:
    "@noble/ed25519": "npm:2.3.0"
    "@noble/hashes": "npm:2.2.0"
  checksum: 10/32dfe9bf3acd784025cc57b57fda63105b66383e920236bfce087ad343f04e50adc571b1dc5ea1da84d6790c0f7e1575639c15e07e27e8571bb227f709533063
  languageName: node
  linkType: hard

"@primeuix/motion@npm:^1.0.0":
  version: 1.0.0
  resolution: "@primeuix/motion@npm:1.0.0"
  dependencies:
    "@primeuix/utils": "npm:^0.8.0"
  checksum: 10/e9d6228efa75b1e77ba2002f7e3d720afa779ee1c73efc386279342754d067c8824719bc87e4acc3465304383f80222fcc1b3b58cc8a71cab41d19d4c2e8f3e5
  languageName: node
  linkType: hard

"@primeuix/styled@npm:^1.0.0":
  version: 1.0.0
  resolution: "@primeuix/styled@npm:1.0.0"
  dependencies:
    "@primeui/license-manager": "npm:^1.0.0"
    "@primeuix/utils": "npm:^0.8.0"
  checksum: 10/d7297906b25aaf1b1b79244fd42e06c12b951a9d7fe62039c5ca8860e2983b42d7e8783200766ac958518c034fb275c0a1701fec918e0fe33336946f375464b0
  languageName: node
  linkType: hard

"@primeuix/styles@npm:^3.0.0":
  version: 3.0.0
  resolution: "@primeuix/styles@npm:3.0.0"
  dependencies:
    "@primeuix/styled": "npm:^1.0.0"
  checksum: 10/f97d359385911a7cfef02930e5f0c36cd9aa9992043e0d90ff348546001039abc3d4a2cac96719a7a5fe9f420edac167ba15974d5997fdf0694d6cef45d84c4d
  languageName: node
  linkType: hard

"@primeuix/utils@npm:^0.8.0":
  version: 0.8.0
  resolution: "@primeuix/utils@npm:0.8.0"
  checksum: 10/86ae675dd69df81dd8dfa4536d0da1fc157da3ccd9967729abdaa2def45c40691dafc1f28ab2765ed5cb7fc09f88864abad06dbfdf249abb383c45b70fad2e1f
  languageName: node
  linkType: hard

"bidi-js@npm:^1.1.0":
  version: 1.1.0
  resolution: "bidi-js@npm:1.1.0"
  dependencies:
    require-from-string: "npm:^2.0.2"
  checksum: 10/e370f6a0c83c509fab7006958a1ea00e681123fe63b3c7cf0bc6e65e0b9b2818ef42ee642e4828035582356d1b7e98ef1585cb6aa2b75be153213106232c0873
  languageName: node
  linkType: hard

"css-tree@npm:^3.0.0, css-tree@npm:^3.2.1":
  version: 3.2.1
  resolution: "css-tree@npm:3.2.1"
  dependencies:
    mdn-data: "npm:2.27.1"
    source-map-js: "npm:^1.2.1"
  checksum: 10/9945b387bdec756738c34d64b8287f05ca6645f51d1c8abaaa5822ec3e74533604103aaad164b8100afd8495e92120be7c1c6afbe5be89f867acc5b456ddd79c
  languageName: node
  linkType: hard

"custom-jsdom-env@workspace:.":
  version: 0.0.0-use.local
  resolution: "custom-jsdom-env@workspace:."
  dependencies:
    jsdom: "npm:^30.1.0"
    primeicons: "npm:^8.0.1"
    primeng: "npm:^22.1.1"
  languageName: unknown
  linkType: soft

"data-urls@npm:^7.0.0":
  version: 7.0.0
  resolution: "data-urls@npm:7.0.0"
  dependencies:
    whatwg-mimetype: "npm:^5.0.0"
    whatwg-url: "npm:^16.0.0"
  checksum: 10/60f88ded4306aea5d6251c4db100ca272fc026014004d68aad4db495397a73bb39d17a6bd29ed9ab348c88a28f6e97266a1759985df4e12dc8c02bb8544c7731
  languageName: node
  linkType: hard

"decimal.js@npm:^10.6.0":
  version: 10.6.0
  resolution: "decimal.js@npm:10.6.0"
  checksum: 10/c0d45842d47c311d11b38ce7ccc911121953d4df3ebb1465d92b31970eb4f6738a065426a06094af59bee4b0d64e42e7c8984abd57b6767c64ea90cf90bb4a69
  languageName: node
  linkType: hard

"entities@npm:^8.0.0":
  version: 8.1.0
  resolution: "entities@npm:8.1.0"
  checksum: 10/bd2fadbcabcf2cbd5de6b8155289acec9394d004fc095b9c7b3fdb4135468d8823a6de12275b07085e5dc077a142ede24e71098ffeb064000312d2a6960330a2
  languageName: node
  linkType: hard

"html-encoding-sniffer@npm:^6.0.0":
  version: 6.0.0
  resolution: "html-encoding-sniffer@npm:6.0.0"
  dependencies:
    "@exodus/bytes": "npm:^1.6.0"
  checksum: 10/97392e45d8aff57f180f62a1b12e62201c8451af68424b8bc3196f78e273891f2df285e5be43a3f28c7ba4badf9524ef305db65c4e4935a9e796afc86d9654b8
  languageName: node
  linkType: hard

"is-potential-custom-element-name@npm:^1.0.1":
  version: 1.0.1
  resolution: "is-potential-custom-element-name@npm:1.0.1"
  checksum: 10/ced7bbbb6433a5b684af581872afe0e1767e2d1146b2207ca0068a648fb5cab9d898495d1ac0583524faaf24ca98176a7d9876363097c2d14fee6dd324f3a1ab
  languageName: node
  linkType: hard

"jsdom@npm:^30.1.0":
  version: 30.1.0
  resolution: "jsdom@npm:30.1.0"
  dependencies:
    "@asamuzakjp/css-color": "npm:^7.0.0"
    "@asamuzakjp/dom-selector": "npm:^9.1.2"
    "@bramus/specificity": "npm:^2.4.2"
    "@csstools/css-syntax-patches-for-csstree": "npm:^1.1.13"
    "@exodus/bytes": "npm:^1.15.1"
    css-tree: "npm:^3.2.1"
    data-urls: "npm:^7.0.0"
    decimal.js: "npm:^10.6.0"
    html-encoding-sniffer: "npm:^6.0.0"
    is-potential-custom-element-name: "npm:^1.0.1"
    lru-cache: "npm:^11.5.2"
    parse5: "npm:^8.0.1"
    saxes: "npm:^6.0.0"
    tough-cookie: "npm:^6.0.2"
    undici: "npm:^8.10.2"
    w3c-xmlserializer: "npm:^5.0.0"
    webidl-conversions: "npm:^8.0.1"
    whatwg-mimetype: "npm:^5.0.0"
    whatwg-url: "npm:^17.1.1"
    xml-name-validator: "npm:^5.0.0"
  peerDependencies:
    canvas: ^3.2.3
  peerDependenciesMeta:
    canvas:
      optional: true
  checksum: 10/20b12453f5e615a4d9a35809200dab75794567216165ce3c670a182986da95c0c595cd1cbb9553f83d7f5251e71a3451381c68d148a509e9178ca2b031513707
  languageName: node
  linkType: hard

"lru-cache@npm:^11.5.2, lru-cache@npm:^11.5.3":
  version: 11.5.3
  resolution: "lru-cache@npm:11.5.3"
  checksum: 10/824394f43827de37e961e9e344d4f0d2afb0347106ddafae620d0035c36337bc64e64cddbc17f6c630a73c9db34cf3f81211e3d43699a32e9f3641f391415b82
  languageName: node
  linkType: hard

"mdn-data@npm:2.27.1":
  version: 2.27.1
  resolution: "mdn-data@npm:2.27.1"
  checksum: 10/5046dc83a961b8ea82a5d6d8331d07df6b15faec61519ce2f83e49766702358e7e6af96413be977ff89080534be6762c1d5963b5dd1180c208a47c0a663226b2
  languageName: node
  linkType: hard

"parse5@npm:^8.0.1":
  version: 8.0.1
  resolution: "parse5@npm:8.0.1"
  dependencies:
    entities: "npm:^8.0.0"
  checksum: 10/671dedfe7cbf4714414317bc8c6b2a14c61ef44f8fd90c983b5b1870653af5aa2e3b4e25e38e9538a7120ea2b688c50908830da2bd0930d8fd4bce34aed024eb
  languageName: node
  linkType: hard

"primeicons@npm:^8.0.1":
  version: 8.0.1
  resolution: "primeicons@npm:8.0.1"
  checksum: 10/c7a08174e7133b1b10509b598c00708c09b3f0303f3df5d0208a6b641437c605ea2fecc9c5ef3c6b894a0a56f1b1e006d3cde4a5f28694ae3e6c846a14ed0c30
  languageName: node
  linkType: hard

"primeng@npm:^22.1.1":
  version: 22.1.1
  resolution: "primeng@npm:22.1.1"
  dependencies:
    "@primeicons/angular": "npm:^8.0.0"
    "@primeui/license-manager": "npm:^1.0.0"
    "@primeuix/motion": "npm:^1.0.0"
    "@primeuix/styled": "npm:^1.0.0"
    "@primeuix/styles": "npm:^3.0.0"
    "@primeuix/utils": "npm:^0.8.0"
    tslib: "npm:^2.3.0"
  peerDependencies:
    "@angular/cdk": ^22.1.0
    "@angular/common": ^22.1.0
    "@angular/core": ^22.1.0
    "@angular/forms": ^22.1.0
    "@angular/platform-browser": ^22.1.0
    "@angular/router": ^22.1.0
    rxjs: ^6.0.0 || ^7.8.1
  checksum: 10/ba0fb0ac340b4bf9cd796e78e65c03eceb1f6faa8f42812ce60710c596bd516aeac030fbd280b81c556ce50493c4d8baeee49046b6c078efaf0459965ce855d8
  languageName: node
  linkType: hard

"punycode@npm:^2.3.1":
  version: 2.3.1
  resolution: "punycode@npm:2.3.1"
  checksum: 10/febdc4362bead22f9e2608ff0171713230b57aff9dddc1c273aa2a651fbd366f94b7d6a71d78342a7c0819906750351ca7f2edd26ea41b626d87d6a13d1bd059
  languageName: node
  linkType: hard

"require-from-string@npm:^2.0.2":
  version: 2.0.2
  resolution: "require-from-string@npm:2.0.2"
  checksum: 10/839a3a890102a658f4cb3e7b2aa13a1f80a3a976b512020c3d1efc418491c48a886b6e481ea56afc6c4cb5eef678f23b2a4e70575e7534eccadf5e30ed2e56eb
  languageName: node
  linkType: hard

"saxes@npm:^6.0.0":
  version: 6.0.0
  resolution: "saxes@npm:6.0.0"
  dependencies:
    xmlchars: "npm:^2.2.0"
  checksum: 10/97b50daf6ca3a153e89842efa18a862e446248296622b7473c169c84c823ee8a16e4a43bac2f73f11fc8cb9168c73fbb0d73340f26552bac17970e9052367aa9
  languageName: node
  linkType: hard

"source-map-js@npm:^1.2.1":
  version: 1.2.1
  resolution: "source-map-js@npm:1.2.1"
  checksum: 10/ff9d8c8bf096d534a5b7707e0382ef827b4dd360a577d3f34d2b9f48e12c9d230b5747974ee7c607f0df65113732711bb701fe9ece3c7edbd43cb2294d707df3
  languageName: node
  linkType: hard

"tldts-core@npm:^7.0.16":
  version: 7.0.16
  resolution: "tldts-core@npm:7.0.16"
  checksum: 10/3fc89cb3831bd7d75e48e5932694a342e52a3c9deb4a22ccd74106ec6adc54ba60b7bfb8b84bbb43646c7315f6330bd8e6d858fe5dd467d39929a2d25a6e19cb
  languageName: node
  linkType: hard

"tldts@npm:^7.0.5":
  version: 7.0.16
  resolution: "tldts@npm:7.0.16"
  dependencies:
    tldts-core: "npm:^7.0.16"
  bin:
    tldts: bin/cli.js
  checksum: 10/6461666afe31f159f86bc3eae5c5648f4b68cd8881ba5136efa5745be68ee816985338450be603beb991b4944a8e01eb7f9c56c0b12e6052d984b1b6c2bee5f3
  languageName: node
  linkType: hard

"tough-cookie@npm:^6.0.2":
  version: 6.0.2
  resolution: "tough-cookie@npm:6.0.2"
  dependencies:
    tldts: "npm:^7.0.5"
  checksum: 10/b231eb744709ce2369ea063f7a3d3816c0c7801a22ccd30a7ab46e90a5bbc531fcbbcc26520f79cfd8516de4340eb9f3568616beb93302548fc989ccb6a974b8
  languageName: node
  linkType: hard

"tr46@npm:^6.0.0":
  version: 6.0.0
  resolution: "tr46@npm:6.0.0"
  dependencies:
    punycode: "npm:^2.3.1"
  checksum: 10/e6d402eb2b780a40042f327f77b4ae316da1d2b18a29c16e48c239f5267c6005bbf780f854179cfae62b02dfaa70b0e9aad8f0078ccc4225f5b3b3b131928e8f
  languageName: node
  linkType: hard

"tslib@npm:^2, tslib@npm:^2.3.0":
  version: 2.8.1
  resolution: "tslib@npm:2.8.1"
  checksum: 10/3e2e043d5c2316461cb54e5c7fe02c30ef6dccb3384717ca22ae5c6b5bc95232a6241df19c622d9c73b809bea33b187f6dbc73030963e29950c2141bc32a79f7
  languageName: node
  linkType: hard

"undici@npm:^8.10.2":
  version: 8.10.2
  resolution: "undici@npm:8.10.2"
  checksum: 10/90f7ba3d3e9543f25d47552282239faa395eaa66d0db7272ebf57055c8ced34e4c948923c734be5571bfce0cc56080e93c0e2f960e9c5fba163759fce112bab4
  languageName: node
  linkType: hard

"w3c-xmlserializer@npm:^5.0.0":
  version: 5.0.0
  resolution: "w3c-xmlserializer@npm:5.0.0"
  dependencies:
    xml-name-validator: "npm:^5.0.0"
  checksum: 10/d78f59e6b4f924aa53b6dfc56949959229cae7fe05ea9374eb38d11edcec01398b7f5d7a12576bd5acc57ff446abb5c9115cd83b9d882555015437cf858d42f0
  languageName: node
  linkType: hard

"webidl-conversions@npm:^8.0.1":
  version: 8.0.1
  resolution: "webidl-conversions@npm:8.0.1"
  checksum: 10/0f7007311f1fc257a8e406dd236f13b61fb57cf0fddb476aec33457d2d0add2d012d6df0eeb00934399238e3f3b9dad30f59dc6ac83024ae0ebd5a518bf365e8
  languageName: node
  linkType: hard

"whatwg-mimetype@npm:^5.0.0":
  version: 5.0.0
  resolution: "whatwg-mimetype@npm:5.0.0"
  checksum: 10/a2d5da445f671ed34010b45283ffb9ba3c68c695b8ec91f7400cfc9149c35eb2bc47bd2c39bbe8e026786b955ace03402ba2e5cfde4955434a3ec3c511a85d0a
  languageName: node
  linkType: hard

"whatwg-url@npm:^16.0.0":
  version: 16.0.1
  resolution: "whatwg-url@npm:16.0.1"
  dependencies:
    "@exodus/bytes": "npm:^1.11.0"
    tr46: "npm:^6.0.0"
    webidl-conversions: "npm:^8.0.1"
  checksum: 10/221cc15ef89288dc1fafdb409352c62ab12ba9ff7f0753e925d8799c87b20371f3bc762dc0a8a5b9c23cddc4b1860537fc6c1bcc9d816ace9b3d3c47212cd163
  languageName: node
  linkType: hard

"whatwg-url@npm:^17.1.1":
  version: 17.1.2
  resolution: "whatwg-url@npm:17.1.2"
  dependencies:
    "@exodus/bytes": "npm:^1.15.1"
    tr46: "npm:^6.0.0"
    webidl-conversions: "npm:^8.0.1"
  checksum: 10/c9f45909c7322c3cbf53ad32324508230e0efc836e3f586e99bab6597c179a6cc170c76981e67c7d8b68a25387b3033bd93a9f04f14eab8c0b1036bf16d6030c
  languageName: node
  linkType: hard

"xml-name-validator@npm:^5.0.0":
  version: 5.0.0
  resolution: "xml-name-validator@npm:5.0.0"
  checksum: 10/43f30f3f6786e406dd665acf08cd742d5f8a46486bd72517edb04b27d1bcd1599664c2a4a99fc3f1e56a3194bff588b12f178b7972bc45c8047bdc4c3ac8d4a1
  languageName: node
  linkType: hard

"xmlchars@npm:^2.2.0":
  version: 2.2.0
  resolution: "xmlchars@npm:2.2.0"
  checksum: 10/4ad5924974efd004a47cce6acf5c0269aee0e62f9a805a426db3337af7bcbd331099df174b024ace4fb18971b8a56de386d2e73a1c4b020e3abd63a4a9b917f1
  languageName: node
  linkType: hard
