# This file is generated by running "yarn install" inside your project.
# Manual changes might be lost - proceed with caution!

__metadata:
  version: 8
  cacheKey: 10

"@jest/schemas@npm:^29.6.3":
  version: 29.6.3
  resolution: "@jest/schemas@npm:29.6.3"
  dependencies:
    "@sinclair/typebox": "npm:^0.27.8"
  checksum: 10/910040425f0fc93cd13e68c750b7885590b8839066dfa0cd78e7def07bbb708ad869381f725945d66f2284de5663bbecf63e8fdd856e2ae6e261ba30b1687e93
  languageName: node
  linkType: hard

"@jest/types@npm:^29.6.3":
  version: 29.6.3
  resolution: "@jest/types@npm:29.6.3"
  dependencies:
    "@jest/schemas": "npm:^29.6.3"
    "@types/istanbul-lib-coverage": "npm:^2.0.0"
    "@types/istanbul-reports": "npm:^3.0.0"
    "@types/node": "npm:*"
    "@types/yargs": "npm:^17.0.8"
    chalk: "npm:^4.0.0"
  checksum: 10/f74bf512fd09bbe2433a2ad460b04668b7075235eea9a0c77d6a42222c10a79b9747dc2b2a623f140ed40d6865a2ed8f538f3cbb75169120ea863f29a7ed76cd
  languageName: node
  linkType: hard

"@sinclair/typebox@npm:^0.27.8":
  version: 0.27.8
  resolution: "@sinclair/typebox@npm:0.27.8"
  checksum: 10/297f95ff77c82c54de8c9907f186076e715ff2621c5222ba50b8d40a170661c0c5242c763cba2a4791f0f91cb1d8ffa53ea1d7294570cf8cd4694c0e383e484d
  languageName: node
  linkType: hard

"@types/istanbul-lib-coverage@npm:*, @types/istanbul-lib-coverage@npm:^2.0.0":
  version: 2.0.6
  resolution: "@types/istanbul-lib-coverage@npm:2.0.6"
  checksum: 10/3feac423fd3e5449485afac999dcfcb3d44a37c830af898b689fadc65d26526460bedb889db278e0d4d815a670331796494d073a10ee6e3a6526301fe7415778
  languageName: node
  linkType: hard

"@types/istanbul-lib-report@npm:*":
  version: 3.0.3
  resolution: "@types/istanbul-lib-report@npm:3.0.3"
  dependencies:
    "@types/istanbul-lib-coverage": "npm:*"
  checksum: 10/b91e9b60f865ff08cb35667a427b70f6c2c63e88105eadd29a112582942af47ed99c60610180aa8dcc22382fa405033f141c119c69b95db78c4c709fbadfeeb4
  languageName: node
  linkType: hard

"@types/istanbul-reports@npm:^3.0.0":
  version: 3.0.4
  resolution: "@types/istanbul-reports@npm:3.0.4"
  dependencies:
    "@types/istanbul-lib-report": "npm:*"
  checksum: 10/93eb18835770b3431f68ae9ac1ca91741ab85f7606f310a34b3586b5a34450ec038c3eed7ab19266635499594de52ff73723a54a72a75b9f7d6a956f01edee95
  languageName: node
  linkType: hard

"@types/lodash-es@npm:^4.17.12":
  version: 4.17.12
  resolution: "@types/lodash-es@npm:4.17.12"
  dependencies:
    "@types/lodash": "npm:*"
  checksum: 10/56b9a433348b11c31051c6fa9028540a033a08fb80b400c589d740446c19444d73b217cf1471d4036448ef686a83e8cf2a35d1fadcb3f2105f26701f94aebb07
  languageName: node
  linkType: hard

"@types/lodash@npm:*":
  version: 4.14.182
  resolution: "@types/lodash@npm:4.14.182"
  checksum: 10/6c0d3fa682331d7631676817acf4b8b74842a9df0fb63dacbbc6a31b94e266edca550ac096cec8ce95df4fc72cf550a6321322e27872d4dfa15c1003197f6c85
  languageName: node
  linkType: hard

"@types/node@npm:*":
  version: 22.13.13
  resolution: "@types/node@npm:22.13.13"
  dependencies:
    undici-types: "npm:~6.20.0"
  checksum: 10/1750518a26fe070dcd4aacd9869d8c72c5b315e3b2fc643e3604fa02b3adac2817eae7808ae34c6bdd6ac96bb5d25acea59656c4ac155b1ee47469a65d32eba4
  languageName: node
  linkType: hard

"@types/yargs-parser@npm:*":
  version: 21.0.3
  resolution: "@types/yargs-parser@npm:21.0.3"
  checksum: 10/a794eb750e8ebc6273a51b12a0002de41343ffe46befef460bdbb57262d187fdf608bc6615b7b11c462c63c3ceb70abe2564c8dd8ee0f7628f38a314f74a9b9b
  languageName: node
  linkType: hard

"@types/yargs@npm:^17.0.8":
  version: 17.0.33
  resolution: "@types/yargs@npm:17.0.33"
  dependencies:
    "@types/yargs-parser": "npm:*"
  checksum: 10/16f6681bf4d99fb671bf56029141ed01db2862e3db9df7fc92d8bea494359ac96a1b4b1c35a836d1e95e665fb18ad753ab2015fc0db663454e8fd4e5d5e2ef91
  languageName: node
  linkType: hard

"ansi-styles@npm:^4.1.0":
  version: 4.3.0
  resolution: "ansi-styles@npm:4.3.0"
  dependencies:
    color-convert: "npm:^2.0.1"
  checksum: 10/b4494dfbfc7e4591b4711a396bd27e540f8153914123dccb4cdbbcb514015ada63a3809f362b9d8d4f6b17a706f1d7bea3c6f974b15fa5ae76b5b502070889ff
  languageName: node
  linkType: hard

"async@npm:^3.2.3":
  version: 3.2.6
  resolution: "async@npm:3.2.6"
  checksum: 10/cb6e0561a3c01c4b56a799cc8bab6ea5fef45f069ab32500b6e19508db270ef2dffa55e5aed5865c5526e9907b1f8be61b27530823b411ffafb5e1538c86c368
  languageName: node
  linkType: hard

"balanced-match@npm:^1.0.0":
  version: 1.0.2
  resolution: "balanced-match@npm:1.0.2"
  checksum: 10/9706c088a283058a8a99e0bf91b0a2f75497f185980d9ffa8b304de1d9e58ebda7c72c07ebf01dadedaac5b2907b2c6f566f660d62bd336c3468e960403b9d65
  languageName: node
  linkType: hard

"brace-expansion@npm:^1.1.7":
  version: 1.1.11
  resolution: "brace-expansion@npm:1.1.11"
  dependencies:
    balanced-match: "npm:^1.0.0"
    concat-map: "npm:0.0.1"
  checksum: 10/faf34a7bb0c3fcf4b59c7808bc5d2a96a40988addf2e7e09dfbb67a2251800e0d14cd2bfc1aa79174f2f5095c54ff27f46fb1289fe2d77dac755b5eb3434cc07
  languageName: node
  linkType: hard

"brace-expansion@npm:^2.0.1":
  version: 2.0.1
  resolution: "brace-expansion@npm:2.0.1"
  dependencies:
    balanced-match: "npm:^1.0.0"
  checksum: 10/a61e7cd2e8a8505e9f0036b3b6108ba5e926b4b55089eeb5550cd04a471fe216c96d4fe7e4c7f995c728c554ae20ddfc4244cad10aef255e72b62930afd233d1
  languageName: node
  linkType: hard

"bs-logger@npm:^0.2.6":
  version: 0.2.6
  resolution: "bs-logger@npm:0.2.6"
  dependencies:
    fast-json-stable-stringify: "npm:2.x"
  checksum: 10/e6d3ff82698bb3f20ce64fb85355c5716a3cf267f3977abe93bf9c32a2e46186b253f48a028ae5b96ab42bacd2c826766d9ae8cf6892f9b944656be9113cf212
  languageName: node
  linkType: hard

"chalk@npm:^4.0.0, chalk@npm:^4.0.2":
  version: 4.1.2
  resolution: "chalk@npm:4.1.2"
  dependencies:
    ansi-styles: "npm:^4.1.0"
    supports-color: "npm:^7.1.0"
  checksum: 10/cb3f3e594913d63b1814d7ca7c9bafbf895f75fbf93b92991980610dfd7b48500af4e3a5d4e3a8f337990a96b168d7eb84ee55efdce965e2ee8efc20f8c8f139
  languageName: node
  linkType: hard

"ci-info@npm:^3.2.0":
  version: 3.9.0
  resolution: "ci-info@npm:3.9.0"
  checksum: 10/75bc67902b4d1c7b435497adeb91598f6d52a3389398e44294f6601b20cfef32cf2176f7be0eb961d9e085bb333a8a5cae121cb22f81cf238ae7f58eb80e9397
  languageName: node
  linkType: hard

"color-convert@npm:^2.0.1":
  version: 2.0.1
  resolution: "color-convert@npm:2.0.1"
  dependencies:
    color-name: "npm:~1.1.4"
  checksum: 10/fa00c91b4332b294de06b443923246bccebe9fab1b253f7fe1772d37b06a2269b4039a85e309abe1fe11b267b11c08d1d0473fda3badd6167f57313af2887a64
  languageName: node
  linkType: hard

"color-name@npm:~1.1.4":
  version: 1.1.4
  resolution: "color-name@npm:1.1.4"
  checksum: 10/b0445859521eb4021cd0fb0cc1a75cecf67fceecae89b63f62b201cca8d345baf8b952c966862a9d9a2632987d4f6581f0ec8d957dfacece86f0a7919316f610
  languageName: node
  linkType: hard

"concat-map@npm:0.0.1":
  version: 0.0.1
  resolution: "concat-map@npm:0.0.1"
  checksum: 10/9680699c8e2b3af0ae22592cb764acaf973f292a7b71b8a06720233011853a58e256c89216a10cbe889727532fd77f8bcd49a760cedfde271b8e006c20e079f2
  languageName: node
  linkType: hard

"ejs@npm:^3.1.10":
  version: 3.1.10
  resolution: "ejs@npm:3.1.10"
  dependencies:
    jake: "npm:^10.8.5"
  bin:
    ejs: bin/cli.js
  checksum: 10/a9cb7d7cd13b7b1cd0be5c4788e44dd10d92f7285d2f65b942f33e127230c054f99a42db4d99f766d8dbc6c57e94799593ee66a14efd7c8dd70c4812bf6aa384
  languageName: node
  linkType: hard

"fast-json-stable-stringify@npm:2.x, fast-json-stable-stringify@npm:^2.1.0":
  version: 2.1.0
  resolution: "fast-json-stable-stringify@npm:2.1.0"
  checksum: 10/2c20055c1fa43c922428f16ca8bb29f2807de63e5c851f665f7ac9790176c01c3b40335257736b299764a8d383388dabc73c8083b8e1bc3d99f0a941444ec60e
  languageName: node
  linkType: hard

"filelist@npm:^1.0.4":
  version: 1.0.4
  resolution: "filelist@npm:1.0.4"
  dependencies:
    minimatch: "npm:^5.0.1"
  checksum: 10/4b436fa944b1508b95cffdfc8176ae6947b92825483639ef1b9a89b27d82f3f8aa22b21eed471993f92709b431670d4e015b39c087d435a61e1bb04564cf51de
  languageName: node
  linkType: hard

"graceful-fs@npm:^4.2.9":
  version: 4.2.11
  resolution: "graceful-fs@npm:4.2.11"
  checksum: 10/bf152d0ed1dc159239db1ba1f74fdbc40cb02f626770dcd5815c427ce0688c2635a06ed69af364396da4636d0408fcf7d4afdf7881724c3307e46aff30ca49e2
  languageName: node
  linkType: hard

"has-flag@npm:^4.0.0":
  version: 4.0.0
  resolution: "has-flag@npm:4.0.0"
  checksum: 10/261a1357037ead75e338156b1f9452c016a37dcd3283a972a30d9e4a87441ba372c8b81f818cd0fbcd9c0354b4ae7e18b9e1afa1971164aef6d18c2b6095a8ad
  languageName: node
  linkType: hard

"jake@npm:^10.8.5":
  version: 10.9.2
  resolution: "jake@npm:10.9.2"
  dependencies:
    async: "npm:^3.2.3"
    chalk: "npm:^4.0.2"
    filelist: "npm:^1.0.4"
    minimatch: "npm:^3.1.2"
  bin:
    jake: bin/cli.js
  checksum: 10/3be324708f99f031e0aec49ef8fd872eb4583cbe8a29a0c875f554f6ac638ee4ea5aa759bb63723fd54f77ca6d7db851eaa78353301734ed3700db9cb109a0cd
  languageName: node
  linkType: hard

"jest-util@npm:^29.0.0":
  version: 29.7.0
  resolution: "jest-util@npm:29.7.0"
  dependencies:
    "@jest/types": "npm:^29.6.3"
    "@types/node": "npm:*"
    chalk: "npm:^4.0.0"
    ci-info: "npm:^3.2.0"
    graceful-fs: "npm:^4.2.9"
    picomatch: "npm:^2.2.3"
  checksum: 10/30d58af6967e7d42bd903ccc098f3b4d3859ed46238fbc88d4add6a3f10bea00c226b93660285f058bc7a65f6f9529cf4eb80f8d4707f79f9e3a23686b4ab8f3
  languageName: node
  linkType: hard

"json5@npm:^2.2.3":
  version: 2.2.3
  resolution: "json5@npm:2.2.3"
  bin:
    json5: lib/cli.js
  checksum: 10/1db67b853ff0de3534085d630691d3247de53a2ed1390ba0ddff681ea43e9b3e30ecbdb65c5e9aab49435e44059c23dbd6fee8ee619419ba37465bb0dd7135da
  languageName: node
  linkType: hard

"lodash-es@npm:^4.17.21":
  version: 4.17.21
  resolution: "lodash-es@npm:4.17.21"
  checksum: 10/03f39878ea1e42b3199bd3f478150ab723f93cc8730ad86fec1f2804f4a07c6e30deaac73cad53a88e9c3db33348bb8ceeb274552390e7a75d7849021c02df43
  languageName: node
  linkType: hard

"lodash.memoize@npm:^4.1.2":
  version: 4.1.2
  resolution: "lodash.memoize@npm:4.1.2"
  checksum: 10/192b2168f310c86f303580b53acf81ab029761b9bd9caa9506a019ffea5f3363ea98d7e39e7e11e6b9917066c9d36a09a11f6fe16f812326390d8f3a54a1a6da
  languageName: node
  linkType: hard

"make-error@npm:^1.3.6":
  version: 1.3.6
  resolution: "make-error@npm:1.3.6"
  checksum: 10/b86e5e0e25f7f777b77fabd8e2cbf15737972869d852a22b7e73c17623928fccb826d8e46b9951501d3f20e51ad74ba8c59ed584f610526a48f8ccf88aaec402
  languageName: node
  linkType: hard

"minimatch@npm:^3.1.2":
  version: 3.1.2
  resolution: "minimatch@npm:3.1.2"
  dependencies:
    brace-expansion: "npm:^1.1.7"
  checksum: 10/e0b25b04cd4ec6732830344e5739b13f8690f8a012d73445a4a19fbc623f5dd481ef7a5827fde25954cd6026fede7574cc54dc4643c99d6c6b653d6203f94634
  languageName: node
  linkType: hard

"minimatch@npm:^5.0.1":
  version: 5.1.6
  resolution: "minimatch@npm:5.1.6"
  dependencies:
    brace-expansion: "npm:^2.0.1"
  checksum: 10/126b36485b821daf96d33b5c821dac600cc1ab36c87e7a532594f9b1652b1fa89a1eebcaad4dff17c764dce1a7ac1531327f190fed5f97d8f6e5f889c116c429
  languageName: node
  linkType: hard

"performance@workspace:.":
  version: 0.0.0-use.local
  resolution: "performance@workspace:."
  dependencies:
    "@types/lodash-es": "npm:^4.17.12"
    lodash-es: "npm:^4.17.21"
    ts-jest: "npm:^29.3.0"
  languageName: unknown
  linkType: soft

"picomatch@npm:^2.2.3":
  version: 2.3.1
  resolution: "picomatch@npm:2.3.1"
  checksum: 10/60c2595003b05e4535394d1da94850f5372c9427ca4413b71210f437f7b2ca091dbd611c45e8b37d10036fa8eade25c1b8951654f9d3973bfa66a2ff4d3b08bc
  languageName: node
  linkType: hard

"semver@npm:^7.7.1":
  version: 7.7.1
  resolution: "semver@npm:7.7.1"
  bin:
    semver: bin/semver.js
  checksum: 10/4cfa1eb91ef3751e20fc52e47a935a0118d56d6f15a837ab814da0c150778ba2ca4f1a4d9068b33070ea4273629e615066664c2cfcd7c272caf7a8a0f6518b2c
  languageName: node
  linkType: hard

"supports-color@npm:^7.1.0":
  version: 7.2.0
  resolution: "supports-color@npm:7.2.0"
  dependencies:
    has-flag: "npm:^4.0.0"
  checksum: 10/c8bb7afd564e3b26b50ca6ee47572c217526a1389fe018d00345856d4a9b08ffbd61fadaf283a87368d94c3dcdb8f5ffe2650a5a65863e21ad2730ca0f05210a
  languageName: node
  linkType: hard

"ts-jest@npm:^29.3.0":
  version: 29.3.0
  resolution: "ts-jest@npm:29.3.0"
  dependencies:
    bs-logger: "npm:^0.2.6"
    ejs: "npm:^3.1.10"
    fast-json-stable-stringify: "npm:^2.1.0"
    jest-util: "npm:^29.0.0"
    json5: "npm:^2.2.3"
    lodash.memoize: "npm:^4.1.2"
    make-error: "npm:^1.3.6"
    semver: "npm:^7.7.1"
    type-fest: "npm:^4.37.0"
    yargs-parser: "npm:^21.1.1"
  peerDependencies:
    "@babel/core": ">=7.0.0-beta.0 <8"
    "@jest/transform": ^29.0.0
    "@jest/types": ^29.0.0
    babel-jest: ^29.0.0
    jest: ^29.0.0
    typescript: ">=4.3 <6"
  peerDependenciesMeta:
    "@babel/core":
      optional: true
    "@jest/transform":
      optional: true
    "@jest/types":
      optional: true
    babel-jest:
      optional: true
    esbuild:
      optional: true
  bin:
    ts-jest: cli.js
  checksum: 10/b21997db016fca4620db781d7c8f247b59eb67e39426e533f40a22e57cfac73911b88858d04031f692bf0414071cb93a734443717e16541e0ac062677778d7ae
  languageName: node
  linkType: hard

"type-fest@npm:^4.37.0":
  version: 4.38.0
  resolution: "type-fest@npm:4.38.0"
  checksum: 10/7e29b678dca2dee071380ace370fecb7fa177faa557125134dd24ce784d90f84bf55ebf143092308f090d59e52a5b78653d63c8e5ad96e9f089e0029223e6221
  languageName: node
  linkType: hard

"undici-types@npm:~6.20.0":
  version: 6.20.0
  resolution: "undici-types@npm:6.20.0"
  checksum: 10/583ac7bbf4ff69931d3985f4762cde2690bb607844c16a5e2fbb92ed312fe4fa1b365e953032d469fa28ba8b224e88a595f0b10a449332f83fa77c695e567dbe
  languageName: node
  linkType: hard

"yargs-parser@npm:^21.1.1":
  version: 21.1.1
  resolution: "yargs-parser@npm:21.1.1"
  checksum: 10/9dc2c217ea3bf8d858041252d43e074f7166b53f3d010a8c711275e09cd3d62a002969a39858b92bbda2a6a63a585c7127014534a560b9c69ed2d923d113406e
  languageName: node
  linkType: hard
