# This file is generated by running "yarn install" inside your project.
# Manual changes might be lost - proceed with caution!

__metadata:
  version: 6
  cacheKey: 8

"@types/jquery@npm:^3.5.14":
  version: 3.5.14
  resolution: "@types/jquery@npm:3.5.14"
  dependencies:
    "@types/sizzle": "*"
  checksum: 159d6f804ed1a204b3f79f2d591a271d82e866bd45bd49fb6ef40561a25dbe0f47ec7815681b44cc2db5598425f72811e7e80ab0e983d980470998ac56feb375
  languageName: node
  linkType: hard

"@types/sizzle@npm:*":
  version: 2.3.3
  resolution: "@types/sizzle@npm:2.3.3"
  checksum: 586a9fb1f6ff3e325e0f2cc1596a460615f0bc8a28f6e276ac9b509401039dd242fa8b34496d3a30c52f5b495873922d09a9e76c50c2ab2bcc70ba3fb9c4e160
  languageName: node
  linkType: hard

"custom-typings@workspace:.":
  version: 0.0.0-use.local
  resolution: "custom-typings@workspace:."
  dependencies:
    "@types/jquery": ^3.5.14
    jquery: ^3.6.0
  languageName: unknown
  linkType: soft

"jquery@npm:^3.6.0":
  version: 3.6.0
  resolution: "jquery@npm:3.6.0"
  checksum: 8fd5fef4aa48fd374ec716dd1c1df1af407814a228e15c1260ca140de3a697c2a77c30c54ff1d238b6a3ab4ddc445ddeef9adce6c6d28e4869d85eb9d3951c0e
  languageName: node
  linkType: hard
