# This file is generated by running "yarn install" inside your project.
# Manual changes might be lost - proceed with caution!

__metadata:
  version: 8
  cacheKey: 10

"@types/jquery@npm:^3.5.29":
  version: 3.5.29
  resolution: "@types/jquery@npm:3.5.29"
  dependencies:
    "@types/sizzle": "npm:*"
  checksum: 10/364facf2cb0bc935cb4b7f4af0b12c8e901b02b08a85af213172485166123b10aad8563f8e51e363f65a778c4105a59a64dedd0b0fd73f96557219d46477af56
  languageName: node
  linkType: hard

"@types/sizzle@npm:*":
  version: 2.3.3
  resolution: "@types/sizzle@npm:2.3.3"
  checksum: 10/586a9fb1f6ff3e325e0f2cc1596a460615f0bc8a28f6e276ac9b509401039dd242fa8b34496d3a30c52f5b495873922d09a9e76c50c2ab2bcc70ba3fb9c4e160
  languageName: node
  linkType: hard

"custom-typings@workspace:.":
  version: 0.0.0-use.local
  resolution: "custom-typings@workspace:."
  dependencies:
    "@types/jquery": "npm:^3.5.29"
    jquery: "npm:^3.7.1"
  languageName: unknown
  linkType: soft

"jquery@npm:^3.7.1":
  version: 3.7.1
  resolution: "jquery@npm:3.7.1"
  checksum: 10/17be9929f5fa37697d9848284f0d108c543318ef79ec794e130cd0c49f6c050d60c803a69e8cfa16fa19f5ff7cdb814a6905cceab0831186560c65ed113cd579
  languageName: node
  linkType: hard
