# This file is generated by running "yarn install" inside your project.
# Manual changes might be lost - proceed with caution!

__metadata:
  version: 6
  cacheKey: 8

"@angular/cdk@npm:^14.2.2":
  version: 14.2.2
  resolution: "@angular/cdk@npm:14.2.2"
  dependencies:
    parse5: ^5.0.0
    tslib: ^2.3.0
  peerDependencies:
    "@angular/common": ^14.0.0 || ^15.0.0
    "@angular/core": ^14.0.0 || ^15.0.0
    rxjs: ^6.5.3 || ^7.4.0
  dependenciesMeta:
    parse5:
      optional: true
  checksum: 3a97d2b7d94bb4c7a30560534c8daeeebcb0b3c32790dab8d4430c785c5201ffa4885138e17b628329830e1c87e0549be0a0b33720bbc55487f7b44c0e260065
  languageName: node
  linkType: hard

"@angular/material@npm:^14.2.2":
  version: 14.2.2
  resolution: "@angular/material@npm:14.2.2"
  dependencies:
    tslib: ^2.3.0
  peerDependencies:
    "@angular/animations": ^14.0.0 || ^15.0.0
    "@angular/cdk": 14.2.2
    "@angular/common": ^14.0.0 || ^15.0.0
    "@angular/core": ^14.0.0 || ^15.0.0
    "@angular/forms": ^14.0.0 || ^15.0.0
    "@angular/platform-browser": ^14.0.0 || ^15.0.0
    rxjs: ^6.5.3 || ^7.4.0
  checksum: 4ca914b76c5233be07c2b18e05e01bc9d2ab47d904803103ae50ca4b33d485eda2d1435902b8d2010709816a95ddef3eccae6e9784de41bf3c50f18c5f71ed3c
  languageName: node
  linkType: hard

"async@workspace:.":
  version: 0.0.0-use.local
  resolution: "async@workspace:."
  dependencies:
    "@angular/cdk": ^14.2.2
    "@angular/material": ^14.2.2
  languageName: unknown
  linkType: soft

"parse5@npm:^5.0.0":
  version: 5.1.1
  resolution: "parse5@npm:5.1.1"
  checksum: 613a714af4c1101d1cb9f7cece2558e35b9ae8a0c03518223a4a1e35494624d9a9ad5fad4c13eab66a0e0adccd9aa3d522fc8f5f9cc19789e0579f3fa0bdfc65
  languageName: node
  linkType: hard

"tslib@npm:^2.3.0":
  version: 2.4.0
  resolution: "tslib@npm:2.4.0"
  checksum: 8c4aa6a3c5a754bf76aefc38026134180c053b7bd2f81338cb5e5ebf96fefa0f417bff221592bf801077f5bf990562f6264fecbc42cd3309b33872cb6fc3b113
  languageName: node
  linkType: hard
