# This file is generated by running "yarn install" inside your project.
# Manual changes might be lost - proceed with caution!

__metadata:
  version: 6
  cacheKey: 8

"@angular/cdk@npm:^14.2.5":
  version: 14.2.5
  resolution: "@angular/cdk@npm:14.2.5"
  dependencies:
    parse5: ^5.0.0
    tslib: ^2.3.0
  peerDependencies:
    "@angular/common": ^14.0.0 || ^15.0.0
    "@angular/core": ^14.0.0 || ^15.0.0
    rxjs: ^6.5.3 || ^7.4.0
  dependenciesMeta:
    parse5:
      optional: true
  checksum: 0e28913f7917d08d15ccf0548e52427d82e7206552bb56eec89ac26c9d36870be9861ae8168d81596b886a4ba4bc40281adfafab2b572883b508e246375a419d
  languageName: node
  linkType: hard

"@angular/material@npm:^14.2.5":
  version: 14.2.5
  resolution: "@angular/material@npm:14.2.5"
  dependencies:
    tslib: ^2.3.0
  peerDependencies:
    "@angular/animations": ^14.0.0 || ^15.0.0
    "@angular/cdk": 14.2.5
    "@angular/common": ^14.0.0 || ^15.0.0
    "@angular/core": ^14.0.0 || ^15.0.0
    "@angular/forms": ^14.0.0 || ^15.0.0
    "@angular/platform-browser": ^14.0.0 || ^15.0.0
    rxjs: ^6.5.3 || ^7.4.0
  checksum: 17f8ee1153f43b0c4f34d8edd0e8222ffb791fadad7dfe1b388f3974369b39eaf72904c7d52af27f55ec9a7f593b56b852450cbdaf82e8620d89be1054aa4b5a
  languageName: node
  linkType: hard

"async@workspace:.":
  version: 0.0.0-use.local
  resolution: "async@workspace:."
  dependencies:
    "@angular/cdk": ^14.2.5
    "@angular/material": ^14.2.5
  languageName: unknown
  linkType: soft

"parse5@npm:^5.0.0":
  version: 5.1.1
  resolution: "parse5@npm:5.1.1"
  checksum: 613a714af4c1101d1cb9f7cece2558e35b9ae8a0c03518223a4a1e35494624d9a9ad5fad4c13eab66a0e0adccd9aa3d522fc8f5f9cc19789e0579f3fa0bdfc65
  languageName: node
  linkType: hard

"tslib@npm:^2.3.0":
  version: 2.4.0
  resolution: "tslib@npm:2.4.0"
  checksum: 8c4aa6a3c5a754bf76aefc38026134180c053b7bd2f81338cb5e5ebf96fefa0f417bff221592bf801077f5bf990562f6264fecbc42cd3309b33872cb6fc3b113
  languageName: node
  linkType: hard
