# This file is generated by running "yarn install" inside your project.
# Manual changes might be lost - proceed with caution!

__metadata:
  version: 8
  cacheKey: 10

"@angular/cdk@npm:^17.3.3":
  version: 17.3.3
  resolution: "@angular/cdk@npm:17.3.3"
  dependencies:
    parse5: "npm:^7.1.2"
    tslib: "npm:^2.3.0"
  peerDependencies:
    "@angular/common": ^17.0.0 || ^18.0.0
    "@angular/core": ^17.0.0 || ^18.0.0
    rxjs: ^6.5.3 || ^7.4.0
  dependenciesMeta:
    parse5:
      optional: true
  checksum: 10/760b2fd96107e8cffc0212817e4b110a3e2ac9be8cc926868b57780cd77795cb162330de94a85510dbceb23bc9ddab8da73f4c61a2c471792e177d2b2ecdfa85
  languageName: node
  linkType: hard

"@angular/material@npm:^17.3.3":
  version: 17.3.3
  resolution: "@angular/material@npm:17.3.3"
  dependencies:
    "@material/animation": "npm:15.0.0-canary.7f224ddd4.0"
    "@material/auto-init": "npm:15.0.0-canary.7f224ddd4.0"
    "@material/banner": "npm:15.0.0-canary.7f224ddd4.0"
    "@material/base": "npm:15.0.0-canary.7f224ddd4.0"
    "@material/button": "npm:15.0.0-canary.7f224ddd4.0"
    "@material/card": "npm:15.0.0-canary.7f224ddd4.0"
    "@material/checkbox": "npm:15.0.0-canary.7f224ddd4.0"
    "@material/chips": "npm:15.0.0-canary.7f224ddd4.0"
    "@material/circular-progress": "npm:15.0.0-canary.7f224ddd4.0"
    "@material/data-table": "npm:15.0.0-canary.7f224ddd4.0"
    "@material/density": "npm:15.0.0-canary.7f224ddd4.0"
    "@material/dialog": "npm:15.0.0-canary.7f224ddd4.0"
    "@material/dom": "npm:15.0.0-canary.7f224ddd4.0"
    "@material/drawer": "npm:15.0.0-canary.7f224ddd4.0"
    "@material/elevation": "npm:15.0.0-canary.7f224ddd4.0"
    "@material/fab": "npm:15.0.0-canary.7f224ddd4.0"
    "@material/feature-targeting": "npm:15.0.0-canary.7f224ddd4.0"
    "@material/floating-label": "npm:15.0.0-canary.7f224ddd4.0"
    "@material/form-field": "npm:15.0.0-canary.7f224ddd4.0"
    "@material/icon-button": "npm:15.0.0-canary.7f224ddd4.0"
    "@material/image-list": "npm:15.0.0-canary.7f224ddd4.0"
    "@material/layout-grid": "npm:15.0.0-canary.7f224ddd4.0"
    "@material/line-ripple": "npm:15.0.0-canary.7f224ddd4.0"
    "@material/linear-progress": "npm:15.0.0-canary.7f224ddd4.0"
    "@material/list": "npm:15.0.0-canary.7f224ddd4.0"
    "@material/menu": "npm:15.0.0-canary.7f224ddd4.0"
    "@material/menu-surface": "npm:15.0.0-canary.7f224ddd4.0"
    "@material/notched-outline": "npm:15.0.0-canary.7f224ddd4.0"
    "@material/radio": "npm:15.0.0-canary.7f224ddd4.0"
    "@material/ripple": "npm:15.0.0-canary.7f224ddd4.0"
    "@material/rtl": "npm:15.0.0-canary.7f224ddd4.0"
    "@material/segmented-button": "npm:15.0.0-canary.7f224ddd4.0"
    "@material/select": "npm:15.0.0-canary.7f224ddd4.0"
    "@material/shape": "npm:15.0.0-canary.7f224ddd4.0"
    "@material/slider": "npm:15.0.0-canary.7f224ddd4.0"
    "@material/snackbar": "npm:15.0.0-canary.7f224ddd4.0"
    "@material/switch": "npm:15.0.0-canary.7f224ddd4.0"
    "@material/tab": "npm:15.0.0-canary.7f224ddd4.0"
    "@material/tab-bar": "npm:15.0.0-canary.7f224ddd4.0"
    "@material/tab-indicator": "npm:15.0.0-canary.7f224ddd4.0"
    "@material/tab-scroller": "npm:15.0.0-canary.7f224ddd4.0"
    "@material/textfield": "npm:15.0.0-canary.7f224ddd4.0"
    "@material/theme": "npm:15.0.0-canary.7f224ddd4.0"
    "@material/tooltip": "npm:15.0.0-canary.7f224ddd4.0"
    "@material/top-app-bar": "npm:15.0.0-canary.7f224ddd4.0"
    "@material/touch-target": "npm:15.0.0-canary.7f224ddd4.0"
    "@material/typography": "npm:15.0.0-canary.7f224ddd4.0"
    tslib: "npm:^2.3.0"
  peerDependencies:
    "@angular/animations": ^17.0.0 || ^18.0.0
    "@angular/cdk": 17.3.3
    "@angular/common": ^17.0.0 || ^18.0.0
    "@angular/core": ^17.0.0 || ^18.0.0
    "@angular/forms": ^17.0.0 || ^18.0.0
    "@angular/platform-browser": ^17.0.0 || ^18.0.0
    rxjs: ^6.5.3 || ^7.4.0
  checksum: 10/b0535e80ecbcf40cff86b2c48e32bf5f7fba753799ae32206eac08d2a88172f63c1884ecbd2ed5973e69020f18cb52e15a4e87e54c6d670c8a60b5f91801fa17
  languageName: node
  linkType: hard

"@material/animation@npm:15.0.0-canary.7f224ddd4.0":
  version: 15.0.0-canary.7f224ddd4.0
  resolution: "@material/animation@npm:15.0.0-canary.7f224ddd4.0"
  dependencies:
    tslib: "npm:^2.1.0"
  checksum: 10/0babbf8c00b0afe509a580daba2ce04a8b5bb29d61a881632251924019caa51c0121d02157224e22d7bd00437d28a269fed0ad2397ad59faba3050d64ee07fa3
  languageName: node
  linkType: hard

"@material/auto-init@npm:15.0.0-canary.7f224ddd4.0":
  version: 15.0.0-canary.7f224ddd4.0
  resolution: "@material/auto-init@npm:15.0.0-canary.7f224ddd4.0"
  dependencies:
    "@material/base": "npm:15.0.0-canary.7f224ddd4.0"
    tslib: "npm:^2.1.0"
  checksum: 10/6a41258c554ee3f0498b0115a6e3e53c960a3d41e5cad3a846ed090d28b37709d21ff46e7669071835816f8e5db3d23c62d846125ae7ce7b7e4b128c828e8d6f
  languageName: node
  linkType: hard

"@material/banner@npm:15.0.0-canary.7f224ddd4.0":
  version: 15.0.0-canary.7f224ddd4.0
  resolution: "@material/banner@npm:15.0.0-canary.7f224ddd4.0"
  dependencies:
    "@material/base": "npm:15.0.0-canary.7f224ddd4.0"
    "@material/button": "npm:15.0.0-canary.7f224ddd4.0"
    "@material/dom": "npm:15.0.0-canary.7f224ddd4.0"
    "@material/elevation": "npm:15.0.0-canary.7f224ddd4.0"
    "@material/feature-targeting": "npm:15.0.0-canary.7f224ddd4.0"
    "@material/ripple": "npm:15.0.0-canary.7f224ddd4.0"
    "@material/rtl": "npm:15.0.0-canary.7f224ddd4.0"
    "@material/shape": "npm:15.0.0-canary.7f224ddd4.0"
    "@material/theme": "npm:15.0.0-canary.7f224ddd4.0"
    "@material/tokens": "npm:15.0.0-canary.7f224ddd4.0"
    "@material/typography": "npm:15.0.0-canary.7f224ddd4.0"
    tslib: "npm:^2.1.0"
  checksum: 10/8f670b4c80220d280906348363e0b8fcc414f8f56ee2dd44aa9b909c5342e70122aec1ebdcb83f0d02c36615ddc3f038b5be17679a239a93e2f95498170e985c
  languageName: node
  linkType: hard

"@material/base@npm:15.0.0-canary.7f224ddd4.0":
  version: 15.0.0-canary.7f224ddd4.0
  resolution: "@material/base@npm:15.0.0-canary.7f224ddd4.0"
  dependencies:
    tslib: "npm:^2.1.0"
  checksum: 10/182739471e58eddd6e733768b0c4bb6d7f5405227da0e4d09f9d7781c2eabe80a7efbc551838b618d887a916852eebf780acc2944ea6bb9fe9648013e290ec76
  languageName: node
  linkType: hard

"@material/button@npm:15.0.0-canary.7f224ddd4.0":
  version: 15.0.0-canary.7f224ddd4.0
  resolution: "@material/button@npm:15.0.0-canary.7f224ddd4.0"
  dependencies:
    "@material/density": "npm:15.0.0-canary.7f224ddd4.0"
    "@material/dom": "npm:15.0.0-canary.7f224ddd4.0"
    "@material/elevation": "npm:15.0.0-canary.7f224ddd4.0"
    "@material/feature-targeting": "npm:15.0.0-canary.7f224ddd4.0"
    "@material/focus-ring": "npm:15.0.0-canary.7f224ddd4.0"
    "@material/ripple": "npm:15.0.0-canary.7f224ddd4.0"
    "@material/rtl": "npm:15.0.0-canary.7f224ddd4.0"
    "@material/shape": "npm:15.0.0-canary.7f224ddd4.0"
    "@material/theme": "npm:15.0.0-canary.7f224ddd4.0"
    "@material/tokens": "npm:15.0.0-canary.7f224ddd4.0"
    "@material/touch-target": "npm:15.0.0-canary.7f224ddd4.0"
    "@material/typography": "npm:15.0.0-canary.7f224ddd4.0"
    tslib: "npm:^2.1.0"
  checksum: 10/eeeb70e069010b44e43823e5edf8a4536a847bf8a4ee48e37b05ec726c09dae2b2a37d72bc066fdae57b8f66d8a26261c2b8dad4892bb6574614319d3204d51f
  languageName: node
  linkType: hard

"@material/card@npm:15.0.0-canary.7f224ddd4.0":
  version: 15.0.0-canary.7f224ddd4.0
  resolution: "@material/card@npm:15.0.0-canary.7f224ddd4.0"
  dependencies:
    "@material/dom": "npm:15.0.0-canary.7f224ddd4.0"
    "@material/elevation": "npm:15.0.0-canary.7f224ddd4.0"
    "@material/feature-targeting": "npm:15.0.0-canary.7f224ddd4.0"
    "@material/ripple": "npm:15.0.0-canary.7f224ddd4.0"
    "@material/rtl": "npm:15.0.0-canary.7f224ddd4.0"
    "@material/shape": "npm:15.0.0-canary.7f224ddd4.0"
    "@material/theme": "npm:15.0.0-canary.7f224ddd4.0"
    "@material/tokens": "npm:15.0.0-canary.7f224ddd4.0"
    tslib: "npm:^2.1.0"
  checksum: 10/e02a5465a4ec71c2666b4e8603c51cd19df9d691f0db46afcc70dd2776f2d630df4fd298de6b6d40512b1ed372d95fd7c820e22dbb09b2d9b49202092e7e6091
  languageName: node
  linkType: hard

"@material/checkbox@npm:15.0.0-canary.7f224ddd4.0":
  version: 15.0.0-canary.7f224ddd4.0
  resolution: "@material/checkbox@npm:15.0.0-canary.7f224ddd4.0"
  dependencies:
    "@material/animation": "npm:15.0.0-canary.7f224ddd4.0"
    "@material/base": "npm:15.0.0-canary.7f224ddd4.0"
    "@material/density": "npm:15.0.0-canary.7f224ddd4.0"
    "@material/dom": "npm:15.0.0-canary.7f224ddd4.0"
    "@material/feature-targeting": "npm:15.0.0-canary.7f224ddd4.0"
    "@material/focus-ring": "npm:15.0.0-canary.7f224ddd4.0"
    "@material/ripple": "npm:15.0.0-canary.7f224ddd4.0"
    "@material/rtl": "npm:15.0.0-canary.7f224ddd4.0"
    "@material/theme": "npm:15.0.0-canary.7f224ddd4.0"
    "@material/touch-target": "npm:15.0.0-canary.7f224ddd4.0"
    tslib: "npm:^2.1.0"
  checksum: 10/ee6766d6d4d48b82341df0a50209f8e32ad3bc48a864d9159b1785f372f82b8e744c12429932a22844b0d3fc45c274844ca6218cbab10239cec62558493cf539
  languageName: node
  linkType: hard

"@material/chips@npm:15.0.0-canary.7f224ddd4.0":
  version: 15.0.0-canary.7f224ddd4.0
  resolution: "@material/chips@npm:15.0.0-canary.7f224ddd4.0"
  dependencies:
    "@material/animation": "npm:15.0.0-canary.7f224ddd4.0"
    "@material/base": "npm:15.0.0-canary.7f224ddd4.0"
    "@material/checkbox": "npm:15.0.0-canary.7f224ddd4.0"
    "@material/density": "npm:15.0.0-canary.7f224ddd4.0"
    "@material/dom": "npm:15.0.0-canary.7f224ddd4.0"
    "@material/elevation": "npm:15.0.0-canary.7f224ddd4.0"
    "@material/feature-targeting": "npm:15.0.0-canary.7f224ddd4.0"
    "@material/focus-ring": "npm:15.0.0-canary.7f224ddd4.0"
    "@material/ripple": "npm:15.0.0-canary.7f224ddd4.0"
    "@material/rtl": "npm:15.0.0-canary.7f224ddd4.0"
    "@material/shape": "npm:15.0.0-canary.7f224ddd4.0"
    "@material/theme": "npm:15.0.0-canary.7f224ddd4.0"
    "@material/tokens": "npm:15.0.0-canary.7f224ddd4.0"
    "@material/touch-target": "npm:15.0.0-canary.7f224ddd4.0"
    "@material/typography": "npm:15.0.0-canary.7f224ddd4.0"
    safevalues: "npm:^0.3.4"
    tslib: "npm:^2.1.0"
  checksum: 10/06754d3c7b94262787a895f7a2089a8372732edb77a481963fc5c50ecdfbdd8753c5192b2295a3f5a02833ce0c9bd39efc1e44aa861fc0f2392d50397b13b619
  languageName: node
  linkType: hard

"@material/circular-progress@npm:15.0.0-canary.7f224ddd4.0":
  version: 15.0.0-canary.7f224ddd4.0
  resolution: "@material/circular-progress@npm:15.0.0-canary.7f224ddd4.0"
  dependencies:
    "@material/animation": "npm:15.0.0-canary.7f224ddd4.0"
    "@material/base": "npm:15.0.0-canary.7f224ddd4.0"
    "@material/dom": "npm:15.0.0-canary.7f224ddd4.0"
    "@material/feature-targeting": "npm:15.0.0-canary.7f224ddd4.0"
    "@material/progress-indicator": "npm:15.0.0-canary.7f224ddd4.0"
    "@material/rtl": "npm:15.0.0-canary.7f224ddd4.0"
    "@material/theme": "npm:15.0.0-canary.7f224ddd4.0"
    tslib: "npm:^2.1.0"
  checksum: 10/9c517f3848b4e8f561ee343367131b55c132f99f3cc7a0a3a58d818b314312d011347ed5c6398bf18f1fea06da66d1ed0cea477529180d19b04e98abeaeda219
  languageName: node
  linkType: hard

"@material/data-table@npm:15.0.0-canary.7f224ddd4.0":
  version: 15.0.0-canary.7f224ddd4.0
  resolution: "@material/data-table@npm:15.0.0-canary.7f224ddd4.0"
  dependencies:
    "@material/animation": "npm:15.0.0-canary.7f224ddd4.0"
    "@material/base": "npm:15.0.0-canary.7f224ddd4.0"
    "@material/checkbox": "npm:15.0.0-canary.7f224ddd4.0"
    "@material/density": "npm:15.0.0-canary.7f224ddd4.0"
    "@material/dom": "npm:15.0.0-canary.7f224ddd4.0"
    "@material/elevation": "npm:15.0.0-canary.7f224ddd4.0"
    "@material/feature-targeting": "npm:15.0.0-canary.7f224ddd4.0"
    "@material/icon-button": "npm:15.0.0-canary.7f224ddd4.0"
    "@material/linear-progress": "npm:15.0.0-canary.7f224ddd4.0"
    "@material/list": "npm:15.0.0-canary.7f224ddd4.0"
    "@material/menu": "npm:15.0.0-canary.7f224ddd4.0"
    "@material/rtl": "npm:15.0.0-canary.7f224ddd4.0"
    "@material/select": "npm:15.0.0-canary.7f224ddd4.0"
    "@material/shape": "npm:15.0.0-canary.7f224ddd4.0"
    "@material/theme": "npm:15.0.0-canary.7f224ddd4.0"
    "@material/tokens": "npm:15.0.0-canary.7f224ddd4.0"
    "@material/touch-target": "npm:15.0.0-canary.7f224ddd4.0"
    "@material/typography": "npm:15.0.0-canary.7f224ddd4.0"
    tslib: "npm:^2.1.0"
  checksum: 10/d825b9ce007f10700800315774c0e08c22f12b34d76baa9d8bec8694e49faf1d49088bcb605265d8e47220ebda12e5197b0b5004199a7cbffc1b4acd78bae64e
  languageName: node
  linkType: hard

"@material/density@npm:15.0.0-canary.7f224ddd4.0":
  version: 15.0.0-canary.7f224ddd4.0
  resolution: "@material/density@npm:15.0.0-canary.7f224ddd4.0"
  dependencies:
    tslib: "npm:^2.1.0"
  checksum: 10/1468d1a2381e49b7eae5cc05043beed0d23b735cb8b3220844f2859ad92c286be94a7b22c0420f9ebba4012d1cfa69bf4fdc1bc8518d3e758f5e07a28f13fb55
  languageName: node
  linkType: hard

"@material/dialog@npm:15.0.0-canary.7f224ddd4.0":
  version: 15.0.0-canary.7f224ddd4.0
  resolution: "@material/dialog@npm:15.0.0-canary.7f224ddd4.0"
  dependencies:
    "@material/animation": "npm:15.0.0-canary.7f224ddd4.0"
    "@material/base": "npm:15.0.0-canary.7f224ddd4.0"
    "@material/button": "npm:15.0.0-canary.7f224ddd4.0"
    "@material/dom": "npm:15.0.0-canary.7f224ddd4.0"
    "@material/elevation": "npm:15.0.0-canary.7f224ddd4.0"
    "@material/feature-targeting": "npm:15.0.0-canary.7f224ddd4.0"
    "@material/icon-button": "npm:15.0.0-canary.7f224ddd4.0"
    "@material/ripple": "npm:15.0.0-canary.7f224ddd4.0"
    "@material/rtl": "npm:15.0.0-canary.7f224ddd4.0"
    "@material/shape": "npm:15.0.0-canary.7f224ddd4.0"
    "@material/theme": "npm:15.0.0-canary.7f224ddd4.0"
    "@material/tokens": "npm:15.0.0-canary.7f224ddd4.0"
    "@material/touch-target": "npm:15.0.0-canary.7f224ddd4.0"
    "@material/typography": "npm:15.0.0-canary.7f224ddd4.0"
    tslib: "npm:^2.1.0"
  checksum: 10/44df610e6afc7784c1105d19f38e37c9ae2e24377d6fa124b8d4d17cfebed6b3077ba7e0ccffcff3b48718fd118d3936e82b813cfdda8f6c9ee0e2828f0a9bcb
  languageName: node
  linkType: hard

"@material/dom@npm:15.0.0-canary.7f224ddd4.0":
  version: 15.0.0-canary.7f224ddd4.0
  resolution: "@material/dom@npm:15.0.0-canary.7f224ddd4.0"
  dependencies:
    "@material/feature-targeting": "npm:15.0.0-canary.7f224ddd4.0"
    "@material/rtl": "npm:15.0.0-canary.7f224ddd4.0"
    tslib: "npm:^2.1.0"
  checksum: 10/e0447f8d1caf4cfde438b8b390330485f217d8860f0954e1ee12fe68ad75d5d1719f33c56010fcfe63fb7c455943b57d86eb3ce1786248ec565d4b948bafb44c
  languageName: node
  linkType: hard

"@material/drawer@npm:15.0.0-canary.7f224ddd4.0":
  version: 15.0.0-canary.7f224ddd4.0
  resolution: "@material/drawer@npm:15.0.0-canary.7f224ddd4.0"
  dependencies:
    "@material/animation": "npm:15.0.0-canary.7f224ddd4.0"
    "@material/base": "npm:15.0.0-canary.7f224ddd4.0"
    "@material/dom": "npm:15.0.0-canary.7f224ddd4.0"
    "@material/elevation": "npm:15.0.0-canary.7f224ddd4.0"
    "@material/feature-targeting": "npm:15.0.0-canary.7f224ddd4.0"
    "@material/list": "npm:15.0.0-canary.7f224ddd4.0"
    "@material/ripple": "npm:15.0.0-canary.7f224ddd4.0"
    "@material/rtl": "npm:15.0.0-canary.7f224ddd4.0"
    "@material/shape": "npm:15.0.0-canary.7f224ddd4.0"
    "@material/theme": "npm:15.0.0-canary.7f224ddd4.0"
    "@material/typography": "npm:15.0.0-canary.7f224ddd4.0"
    tslib: "npm:^2.1.0"
  checksum: 10/c088da1ebee212748fe1d6caefaf611342f3ede552696bb142fec6eaa53f430a164f4afd1e6145644766069eff16bf6c656f16296d8d937857f3f24c9e859958
  languageName: node
  linkType: hard

"@material/elevation@npm:15.0.0-canary.7f224ddd4.0":
  version: 15.0.0-canary.7f224ddd4.0
  resolution: "@material/elevation@npm:15.0.0-canary.7f224ddd4.0"
  dependencies:
    "@material/animation": "npm:15.0.0-canary.7f224ddd4.0"
    "@material/base": "npm:15.0.0-canary.7f224ddd4.0"
    "@material/feature-targeting": "npm:15.0.0-canary.7f224ddd4.0"
    "@material/rtl": "npm:15.0.0-canary.7f224ddd4.0"
    "@material/theme": "npm:15.0.0-canary.7f224ddd4.0"
    tslib: "npm:^2.1.0"
  checksum: 10/02d7118442f5ebef9b31257ba3bf46559869682817dab8c9c74516beb97ddfdf82336db2a81be1c4e2f888171f623d43b87b16a56bdba4f1e37654d31fbf124d
  languageName: node
  linkType: hard

"@material/fab@npm:15.0.0-canary.7f224ddd4.0":
  version: 15.0.0-canary.7f224ddd4.0
  resolution: "@material/fab@npm:15.0.0-canary.7f224ddd4.0"
  dependencies:
    "@material/animation": "npm:15.0.0-canary.7f224ddd4.0"
    "@material/dom": "npm:15.0.0-canary.7f224ddd4.0"
    "@material/elevation": "npm:15.0.0-canary.7f224ddd4.0"
    "@material/feature-targeting": "npm:15.0.0-canary.7f224ddd4.0"
    "@material/focus-ring": "npm:15.0.0-canary.7f224ddd4.0"
    "@material/ripple": "npm:15.0.0-canary.7f224ddd4.0"
    "@material/rtl": "npm:15.0.0-canary.7f224ddd4.0"
    "@material/shape": "npm:15.0.0-canary.7f224ddd4.0"
    "@material/theme": "npm:15.0.0-canary.7f224ddd4.0"
    "@material/tokens": "npm:15.0.0-canary.7f224ddd4.0"
    "@material/touch-target": "npm:15.0.0-canary.7f224ddd4.0"
    "@material/typography": "npm:15.0.0-canary.7f224ddd4.0"
    tslib: "npm:^2.1.0"
  checksum: 10/60c9cd39f058f9b60d2e85ec4a72b3d57b661b18b9dfd6ad53fcb82f6993688bc665453e867dde74ffc00e5600399aa22d73ac55a88dcb2a1f9ff510e622cda0
  languageName: node
  linkType: hard

"@material/feature-targeting@npm:15.0.0-canary.7f224ddd4.0":
  version: 15.0.0-canary.7f224ddd4.0
  resolution: "@material/feature-targeting@npm:15.0.0-canary.7f224ddd4.0"
  dependencies:
    tslib: "npm:^2.1.0"
  checksum: 10/bec51d4561d5f1aca1dd0edd4e9bcba5ef9b2137791ba155e676e74c2d6eaff39b9b7d6acb4ae8a8621bd830b29b1e527fdcaf8ff1cd0ef6ebd4388ffb45286e
  languageName: node
  linkType: hard

"@material/floating-label@npm:15.0.0-canary.7f224ddd4.0":
  version: 15.0.0-canary.7f224ddd4.0
  resolution: "@material/floating-label@npm:15.0.0-canary.7f224ddd4.0"
  dependencies:
    "@material/animation": "npm:15.0.0-canary.7f224ddd4.0"
    "@material/base": "npm:15.0.0-canary.7f224ddd4.0"
    "@material/dom": "npm:15.0.0-canary.7f224ddd4.0"
    "@material/feature-targeting": "npm:15.0.0-canary.7f224ddd4.0"
    "@material/rtl": "npm:15.0.0-canary.7f224ddd4.0"
    "@material/theme": "npm:15.0.0-canary.7f224ddd4.0"
    "@material/typography": "npm:15.0.0-canary.7f224ddd4.0"
    tslib: "npm:^2.1.0"
  checksum: 10/4941c260495c8562686acd4763afe103f4062da35cf5c23c47234906412d680e5d21a8b3c4eaad8589b045fa765806de7327eac4d07b3a2cc1144eadf731e07e
  languageName: node
  linkType: hard

"@material/focus-ring@npm:15.0.0-canary.7f224ddd4.0":
  version: 15.0.0-canary.7f224ddd4.0
  resolution: "@material/focus-ring@npm:15.0.0-canary.7f224ddd4.0"
  dependencies:
    "@material/dom": "npm:15.0.0-canary.7f224ddd4.0"
    "@material/feature-targeting": "npm:15.0.0-canary.7f224ddd4.0"
    "@material/rtl": "npm:15.0.0-canary.7f224ddd4.0"
  checksum: 10/91eb13d0750e11052e83657cd19797175608fb809443a730bc1f71f2fb91e64791fcb732e5139af0685b46006cc1695508cd673d07b20aaf74f8ebedabde8e77
  languageName: node
  linkType: hard

"@material/form-field@npm:15.0.0-canary.7f224ddd4.0":
  version: 15.0.0-canary.7f224ddd4.0
  resolution: "@material/form-field@npm:15.0.0-canary.7f224ddd4.0"
  dependencies:
    "@material/base": "npm:15.0.0-canary.7f224ddd4.0"
    "@material/feature-targeting": "npm:15.0.0-canary.7f224ddd4.0"
    "@material/ripple": "npm:15.0.0-canary.7f224ddd4.0"
    "@material/rtl": "npm:15.0.0-canary.7f224ddd4.0"
    "@material/theme": "npm:15.0.0-canary.7f224ddd4.0"
    "@material/typography": "npm:15.0.0-canary.7f224ddd4.0"
    tslib: "npm:^2.1.0"
  checksum: 10/ff49182b09fe036caf79ddb2b8b4b46bf24512c1cf8c94dec3f9f4314c3538af9a5c7dc0e3f992ad168b2df2c7877101c96dafd83fb2a6def62d0098afe00d3b
  languageName: node
  linkType: hard

"@material/icon-button@npm:15.0.0-canary.7f224ddd4.0":
  version: 15.0.0-canary.7f224ddd4.0
  resolution: "@material/icon-button@npm:15.0.0-canary.7f224ddd4.0"
  dependencies:
    "@material/base": "npm:15.0.0-canary.7f224ddd4.0"
    "@material/density": "npm:15.0.0-canary.7f224ddd4.0"
    "@material/dom": "npm:15.0.0-canary.7f224ddd4.0"
    "@material/elevation": "npm:15.0.0-canary.7f224ddd4.0"
    "@material/feature-targeting": "npm:15.0.0-canary.7f224ddd4.0"
    "@material/focus-ring": "npm:15.0.0-canary.7f224ddd4.0"
    "@material/ripple": "npm:15.0.0-canary.7f224ddd4.0"
    "@material/rtl": "npm:15.0.0-canary.7f224ddd4.0"
    "@material/theme": "npm:15.0.0-canary.7f224ddd4.0"
    "@material/touch-target": "npm:15.0.0-canary.7f224ddd4.0"
    tslib: "npm:^2.1.0"
  checksum: 10/ac390fbcfc8738e5eed761fa1e4a3fec58b617d8f65d3ba6bb1d495575b7005c9c8d6cb668944c791b749021a54f7c00c505b2fd02a1066ce9f1a6ecbdad7bc9
  languageName: node
  linkType: hard

"@material/image-list@npm:15.0.0-canary.7f224ddd4.0":
  version: 15.0.0-canary.7f224ddd4.0
  resolution: "@material/image-list@npm:15.0.0-canary.7f224ddd4.0"
  dependencies:
    "@material/feature-targeting": "npm:15.0.0-canary.7f224ddd4.0"
    "@material/shape": "npm:15.0.0-canary.7f224ddd4.0"
    "@material/theme": "npm:15.0.0-canary.7f224ddd4.0"
    "@material/typography": "npm:15.0.0-canary.7f224ddd4.0"
    tslib: "npm:^2.1.0"
  checksum: 10/202c34be7cb64acce4a05cfe8a248ce388396affc3abd29d840d202f0a92278f967ea8d7b5e7277a5d1873acab70990cbeb0c052783177880925f895e1128f37
  languageName: node
  linkType: hard

"@material/layout-grid@npm:15.0.0-canary.7f224ddd4.0":
  version: 15.0.0-canary.7f224ddd4.0
  resolution: "@material/layout-grid@npm:15.0.0-canary.7f224ddd4.0"
  dependencies:
    tslib: "npm:^2.1.0"
  checksum: 10/5284c932ec191d98bb900844568da4d39f1b74529d49ae5238f93274e696d24c66e973587721f1d47b95698e3b1dd18e2d94c4624ad6ae7c1e19f43f942f02d8
  languageName: node
  linkType: hard

"@material/line-ripple@npm:15.0.0-canary.7f224ddd4.0":
  version: 15.0.0-canary.7f224ddd4.0
  resolution: "@material/line-ripple@npm:15.0.0-canary.7f224ddd4.0"
  dependencies:
    "@material/animation": "npm:15.0.0-canary.7f224ddd4.0"
    "@material/base": "npm:15.0.0-canary.7f224ddd4.0"
    "@material/feature-targeting": "npm:15.0.0-canary.7f224ddd4.0"
    "@material/theme": "npm:15.0.0-canary.7f224ddd4.0"
    tslib: "npm:^2.1.0"
  checksum: 10/40163d05bc31709521d5dea729d637f1282b76b95533c3e9e122d748a396ac49ce50aeb90fd48869ed5cb0b2877477717270e2cc9d05835f3d435dc7877da6e0
  languageName: node
  linkType: hard

"@material/linear-progress@npm:15.0.0-canary.7f224ddd4.0":
  version: 15.0.0-canary.7f224ddd4.0
  resolution: "@material/linear-progress@npm:15.0.0-canary.7f224ddd4.0"
  dependencies:
    "@material/animation": "npm:15.0.0-canary.7f224ddd4.0"
    "@material/base": "npm:15.0.0-canary.7f224ddd4.0"
    "@material/dom": "npm:15.0.0-canary.7f224ddd4.0"
    "@material/feature-targeting": "npm:15.0.0-canary.7f224ddd4.0"
    "@material/progress-indicator": "npm:15.0.0-canary.7f224ddd4.0"
    "@material/rtl": "npm:15.0.0-canary.7f224ddd4.0"
    "@material/theme": "npm:15.0.0-canary.7f224ddd4.0"
    tslib: "npm:^2.1.0"
  checksum: 10/25810041b4faab186050a316eb410155fa56b671c93c513d0278afa37e42debf896e5ae309fe01a7117f25aa5ace72d99bf9af5e3c4f07c8cb4723adb4f5c0f8
  languageName: node
  linkType: hard

"@material/list@npm:15.0.0-canary.7f224ddd4.0":
  version: 15.0.0-canary.7f224ddd4.0
  resolution: "@material/list@npm:15.0.0-canary.7f224ddd4.0"
  dependencies:
    "@material/base": "npm:15.0.0-canary.7f224ddd4.0"
    "@material/density": "npm:15.0.0-canary.7f224ddd4.0"
    "@material/dom": "npm:15.0.0-canary.7f224ddd4.0"
    "@material/feature-targeting": "npm:15.0.0-canary.7f224ddd4.0"
    "@material/ripple": "npm:15.0.0-canary.7f224ddd4.0"
    "@material/rtl": "npm:15.0.0-canary.7f224ddd4.0"
    "@material/shape": "npm:15.0.0-canary.7f224ddd4.0"
    "@material/theme": "npm:15.0.0-canary.7f224ddd4.0"
    "@material/tokens": "npm:15.0.0-canary.7f224ddd4.0"
    "@material/typography": "npm:15.0.0-canary.7f224ddd4.0"
    tslib: "npm:^2.1.0"
  checksum: 10/60decc1414a5ab4b78b290e8fc48a4dc828a1378399a87e6a96c937d3f89dd7615028f03d0b15adbeff0ccbe50152b631e0447b14fc94c09c1f5c01593da603f
  languageName: node
  linkType: hard

"@material/menu-surface@npm:15.0.0-canary.7f224ddd4.0":
  version: 15.0.0-canary.7f224ddd4.0
  resolution: "@material/menu-surface@npm:15.0.0-canary.7f224ddd4.0"
  dependencies:
    "@material/animation": "npm:15.0.0-canary.7f224ddd4.0"
    "@material/base": "npm:15.0.0-canary.7f224ddd4.0"
    "@material/elevation": "npm:15.0.0-canary.7f224ddd4.0"
    "@material/feature-targeting": "npm:15.0.0-canary.7f224ddd4.0"
    "@material/rtl": "npm:15.0.0-canary.7f224ddd4.0"
    "@material/shape": "npm:15.0.0-canary.7f224ddd4.0"
    "@material/theme": "npm:15.0.0-canary.7f224ddd4.0"
    tslib: "npm:^2.1.0"
  checksum: 10/2e0b1dc80afc2f155b93300df11259bf1cadd39eb1200aa402ab69ce6165f3820789b3325373bad962ec44a027d822e7943f65e30807e07501cd2e6ff290d577
  languageName: node
  linkType: hard

"@material/menu@npm:15.0.0-canary.7f224ddd4.0":
  version: 15.0.0-canary.7f224ddd4.0
  resolution: "@material/menu@npm:15.0.0-canary.7f224ddd4.0"
  dependencies:
    "@material/base": "npm:15.0.0-canary.7f224ddd4.0"
    "@material/dom": "npm:15.0.0-canary.7f224ddd4.0"
    "@material/elevation": "npm:15.0.0-canary.7f224ddd4.0"
    "@material/feature-targeting": "npm:15.0.0-canary.7f224ddd4.0"
    "@material/list": "npm:15.0.0-canary.7f224ddd4.0"
    "@material/menu-surface": "npm:15.0.0-canary.7f224ddd4.0"
    "@material/ripple": "npm:15.0.0-canary.7f224ddd4.0"
    "@material/rtl": "npm:15.0.0-canary.7f224ddd4.0"
    "@material/shape": "npm:15.0.0-canary.7f224ddd4.0"
    "@material/theme": "npm:15.0.0-canary.7f224ddd4.0"
    "@material/tokens": "npm:15.0.0-canary.7f224ddd4.0"
    tslib: "npm:^2.1.0"
  checksum: 10/d812f0a72670394e1dafc1223012b7580fcadc8fc9c145e44861453e975b5a8c973dda4fcabdd3c5c908f17ad7c0e15ae8288c4e10fc70472653b73f649549c8
  languageName: node
  linkType: hard

"@material/notched-outline@npm:15.0.0-canary.7f224ddd4.0":
  version: 15.0.0-canary.7f224ddd4.0
  resolution: "@material/notched-outline@npm:15.0.0-canary.7f224ddd4.0"
  dependencies:
    "@material/base": "npm:15.0.0-canary.7f224ddd4.0"
    "@material/feature-targeting": "npm:15.0.0-canary.7f224ddd4.0"
    "@material/floating-label": "npm:15.0.0-canary.7f224ddd4.0"
    "@material/rtl": "npm:15.0.0-canary.7f224ddd4.0"
    "@material/shape": "npm:15.0.0-canary.7f224ddd4.0"
    "@material/theme": "npm:15.0.0-canary.7f224ddd4.0"
    tslib: "npm:^2.1.0"
  checksum: 10/5bdeb89a254fce7ab4600410039a8d653dd60781db907ac250b52a0db6bb87d3b0148fefe6dab8437de8e367383b64de4a7f2981c26cd05af7f4f58e56e021ad
  languageName: node
  linkType: hard

"@material/progress-indicator@npm:15.0.0-canary.7f224ddd4.0":
  version: 15.0.0-canary.7f224ddd4.0
  resolution: "@material/progress-indicator@npm:15.0.0-canary.7f224ddd4.0"
  dependencies:
    tslib: "npm:^2.1.0"
  checksum: 10/9a3e24bc9874b62d3a15392f81ea77f9ed0920f243eaa584bb1cea3a239df8894aca75fc2af8dd7b64610a1567b49f3c85902f66b346d483ac13ddac83ff7af5
  languageName: node
  linkType: hard

"@material/radio@npm:15.0.0-canary.7f224ddd4.0":
  version: 15.0.0-canary.7f224ddd4.0
  resolution: "@material/radio@npm:15.0.0-canary.7f224ddd4.0"
  dependencies:
    "@material/animation": "npm:15.0.0-canary.7f224ddd4.0"
    "@material/base": "npm:15.0.0-canary.7f224ddd4.0"
    "@material/density": "npm:15.0.0-canary.7f224ddd4.0"
    "@material/dom": "npm:15.0.0-canary.7f224ddd4.0"
    "@material/feature-targeting": "npm:15.0.0-canary.7f224ddd4.0"
    "@material/focus-ring": "npm:15.0.0-canary.7f224ddd4.0"
    "@material/ripple": "npm:15.0.0-canary.7f224ddd4.0"
    "@material/theme": "npm:15.0.0-canary.7f224ddd4.0"
    "@material/touch-target": "npm:15.0.0-canary.7f224ddd4.0"
    tslib: "npm:^2.1.0"
  checksum: 10/efdf3d04995e9e074ed271b6017a30b29c8e97adb11d1306b1e49f5519516173b0761b029efa037230078908c787aabd2a484859f4ab8958875cd2ae39f3000c
  languageName: node
  linkType: hard

"@material/ripple@npm:15.0.0-canary.7f224ddd4.0":
  version: 15.0.0-canary.7f224ddd4.0
  resolution: "@material/ripple@npm:15.0.0-canary.7f224ddd4.0"
  dependencies:
    "@material/animation": "npm:15.0.0-canary.7f224ddd4.0"
    "@material/base": "npm:15.0.0-canary.7f224ddd4.0"
    "@material/dom": "npm:15.0.0-canary.7f224ddd4.0"
    "@material/feature-targeting": "npm:15.0.0-canary.7f224ddd4.0"
    "@material/rtl": "npm:15.0.0-canary.7f224ddd4.0"
    "@material/theme": "npm:15.0.0-canary.7f224ddd4.0"
    tslib: "npm:^2.1.0"
  checksum: 10/fef2d31a8a1cf252e159a268ecf8b20b7eb7e68f495a77f37e9527e9a55fa07874f4e160c4ae548b6760c77285b18bd70e857cb3e5692511aaaf6695b5a2f915
  languageName: node
  linkType: hard

"@material/rtl@npm:15.0.0-canary.7f224ddd4.0":
  version: 15.0.0-canary.7f224ddd4.0
  resolution: "@material/rtl@npm:15.0.0-canary.7f224ddd4.0"
  dependencies:
    "@material/theme": "npm:15.0.0-canary.7f224ddd4.0"
    tslib: "npm:^2.1.0"
  checksum: 10/e4cb429649311ceb8fabd2636cfd0539715437e84946024c53b7146b927b84ef87cbf266c02b63a7c2203311b526985107cfec74ad096022540efd549ccd5333
  languageName: node
  linkType: hard

"@material/segmented-button@npm:15.0.0-canary.7f224ddd4.0":
  version: 15.0.0-canary.7f224ddd4.0
  resolution: "@material/segmented-button@npm:15.0.0-canary.7f224ddd4.0"
  dependencies:
    "@material/base": "npm:15.0.0-canary.7f224ddd4.0"
    "@material/elevation": "npm:15.0.0-canary.7f224ddd4.0"
    "@material/feature-targeting": "npm:15.0.0-canary.7f224ddd4.0"
    "@material/ripple": "npm:15.0.0-canary.7f224ddd4.0"
    "@material/theme": "npm:15.0.0-canary.7f224ddd4.0"
    "@material/touch-target": "npm:15.0.0-canary.7f224ddd4.0"
    "@material/typography": "npm:15.0.0-canary.7f224ddd4.0"
    tslib: "npm:^2.1.0"
  checksum: 10/9d17f8ed5b9ee4760e8ef38b1acb26a29377409e40d3817087f002d14e7138999c85ae5a82e602901cf44b2d4d7c770ca9a520b3247b1d44439493504abcbfbb
  languageName: node
  linkType: hard

"@material/select@npm:15.0.0-canary.7f224ddd4.0":
  version: 15.0.0-canary.7f224ddd4.0
  resolution: "@material/select@npm:15.0.0-canary.7f224ddd4.0"
  dependencies:
    "@material/animation": "npm:15.0.0-canary.7f224ddd4.0"
    "@material/base": "npm:15.0.0-canary.7f224ddd4.0"
    "@material/density": "npm:15.0.0-canary.7f224ddd4.0"
    "@material/dom": "npm:15.0.0-canary.7f224ddd4.0"
    "@material/elevation": "npm:15.0.0-canary.7f224ddd4.0"
    "@material/feature-targeting": "npm:15.0.0-canary.7f224ddd4.0"
    "@material/floating-label": "npm:15.0.0-canary.7f224ddd4.0"
    "@material/line-ripple": "npm:15.0.0-canary.7f224ddd4.0"
    "@material/list": "npm:15.0.0-canary.7f224ddd4.0"
    "@material/menu": "npm:15.0.0-canary.7f224ddd4.0"
    "@material/menu-surface": "npm:15.0.0-canary.7f224ddd4.0"
    "@material/notched-outline": "npm:15.0.0-canary.7f224ddd4.0"
    "@material/ripple": "npm:15.0.0-canary.7f224ddd4.0"
    "@material/rtl": "npm:15.0.0-canary.7f224ddd4.0"
    "@material/shape": "npm:15.0.0-canary.7f224ddd4.0"
    "@material/theme": "npm:15.0.0-canary.7f224ddd4.0"
    "@material/tokens": "npm:15.0.0-canary.7f224ddd4.0"
    "@material/typography": "npm:15.0.0-canary.7f224ddd4.0"
    tslib: "npm:^2.1.0"
  checksum: 10/e4eb9b5ee7a5142ec5f553e833484c9c32cffad526a9ca54758ef81a69941d093e7ec9cfa00ab7110f4e39b742cb6958579b4e1be22804ada5d8a13c4957089a
  languageName: node
  linkType: hard

"@material/shape@npm:15.0.0-canary.7f224ddd4.0":
  version: 15.0.0-canary.7f224ddd4.0
  resolution: "@material/shape@npm:15.0.0-canary.7f224ddd4.0"
  dependencies:
    "@material/feature-targeting": "npm:15.0.0-canary.7f224ddd4.0"
    "@material/rtl": "npm:15.0.0-canary.7f224ddd4.0"
    "@material/theme": "npm:15.0.0-canary.7f224ddd4.0"
    tslib: "npm:^2.1.0"
  checksum: 10/de41060eb871bc03c4003cf9d3225de15fdd4cdad176c1234abf2cc4a2ab1619b02ff39ea1102e62e7001e7b2a21b31cdadaebbf22d8caef949d99816e3c1252
  languageName: node
  linkType: hard

"@material/slider@npm:15.0.0-canary.7f224ddd4.0":
  version: 15.0.0-canary.7f224ddd4.0
  resolution: "@material/slider@npm:15.0.0-canary.7f224ddd4.0"
  dependencies:
    "@material/animation": "npm:15.0.0-canary.7f224ddd4.0"
    "@material/base": "npm:15.0.0-canary.7f224ddd4.0"
    "@material/dom": "npm:15.0.0-canary.7f224ddd4.0"
    "@material/elevation": "npm:15.0.0-canary.7f224ddd4.0"
    "@material/feature-targeting": "npm:15.0.0-canary.7f224ddd4.0"
    "@material/ripple": "npm:15.0.0-canary.7f224ddd4.0"
    "@material/rtl": "npm:15.0.0-canary.7f224ddd4.0"
    "@material/theme": "npm:15.0.0-canary.7f224ddd4.0"
    "@material/tokens": "npm:15.0.0-canary.7f224ddd4.0"
    "@material/typography": "npm:15.0.0-canary.7f224ddd4.0"
    tslib: "npm:^2.1.0"
  checksum: 10/1a95d41ce4ac1bce42bbae52ad66f085d5ca493954d27af8fb8a8d823b1aaf1be13e440a80fdd640287df9aff706b43a51c2ca0093a4c59c040c2775eaa0f622
  languageName: node
  linkType: hard

"@material/snackbar@npm:15.0.0-canary.7f224ddd4.0":
  version: 15.0.0-canary.7f224ddd4.0
  resolution: "@material/snackbar@npm:15.0.0-canary.7f224ddd4.0"
  dependencies:
    "@material/animation": "npm:15.0.0-canary.7f224ddd4.0"
    "@material/base": "npm:15.0.0-canary.7f224ddd4.0"
    "@material/button": "npm:15.0.0-canary.7f224ddd4.0"
    "@material/dom": "npm:15.0.0-canary.7f224ddd4.0"
    "@material/elevation": "npm:15.0.0-canary.7f224ddd4.0"
    "@material/feature-targeting": "npm:15.0.0-canary.7f224ddd4.0"
    "@material/icon-button": "npm:15.0.0-canary.7f224ddd4.0"
    "@material/ripple": "npm:15.0.0-canary.7f224ddd4.0"
    "@material/rtl": "npm:15.0.0-canary.7f224ddd4.0"
    "@material/shape": "npm:15.0.0-canary.7f224ddd4.0"
    "@material/theme": "npm:15.0.0-canary.7f224ddd4.0"
    "@material/tokens": "npm:15.0.0-canary.7f224ddd4.0"
    "@material/typography": "npm:15.0.0-canary.7f224ddd4.0"
    tslib: "npm:^2.1.0"
  checksum: 10/4d3609eff376f377a2031fb5986af7b6a2a324eba88af88a415189d918bcaf2474bfe9b271b6a7fb59b699335acc5e6f116f37d804e70fc334ced542ba61e8bb
  languageName: node
  linkType: hard

"@material/switch@npm:15.0.0-canary.7f224ddd4.0":
  version: 15.0.0-canary.7f224ddd4.0
  resolution: "@material/switch@npm:15.0.0-canary.7f224ddd4.0"
  dependencies:
    "@material/animation": "npm:15.0.0-canary.7f224ddd4.0"
    "@material/base": "npm:15.0.0-canary.7f224ddd4.0"
    "@material/density": "npm:15.0.0-canary.7f224ddd4.0"
    "@material/dom": "npm:15.0.0-canary.7f224ddd4.0"
    "@material/elevation": "npm:15.0.0-canary.7f224ddd4.0"
    "@material/feature-targeting": "npm:15.0.0-canary.7f224ddd4.0"
    "@material/focus-ring": "npm:15.0.0-canary.7f224ddd4.0"
    "@material/ripple": "npm:15.0.0-canary.7f224ddd4.0"
    "@material/rtl": "npm:15.0.0-canary.7f224ddd4.0"
    "@material/shape": "npm:15.0.0-canary.7f224ddd4.0"
    "@material/theme": "npm:15.0.0-canary.7f224ddd4.0"
    "@material/tokens": "npm:15.0.0-canary.7f224ddd4.0"
    safevalues: "npm:^0.3.4"
    tslib: "npm:^2.1.0"
  checksum: 10/a24b0f6992251f60c74766ad3b698031346e847269a762b4ab1bbcac53fbe2499029d6d3c19f052b73b3d8520b6022e3009ce12c8515021ecf919684ece45887
  languageName: node
  linkType: hard

"@material/tab-bar@npm:15.0.0-canary.7f224ddd4.0":
  version: 15.0.0-canary.7f224ddd4.0
  resolution: "@material/tab-bar@npm:15.0.0-canary.7f224ddd4.0"
  dependencies:
    "@material/animation": "npm:15.0.0-canary.7f224ddd4.0"
    "@material/base": "npm:15.0.0-canary.7f224ddd4.0"
    "@material/density": "npm:15.0.0-canary.7f224ddd4.0"
    "@material/elevation": "npm:15.0.0-canary.7f224ddd4.0"
    "@material/feature-targeting": "npm:15.0.0-canary.7f224ddd4.0"
    "@material/tab": "npm:15.0.0-canary.7f224ddd4.0"
    "@material/tab-indicator": "npm:15.0.0-canary.7f224ddd4.0"
    "@material/tab-scroller": "npm:15.0.0-canary.7f224ddd4.0"
    "@material/theme": "npm:15.0.0-canary.7f224ddd4.0"
    "@material/tokens": "npm:15.0.0-canary.7f224ddd4.0"
    "@material/typography": "npm:15.0.0-canary.7f224ddd4.0"
    tslib: "npm:^2.1.0"
  checksum: 10/f3759487ab8f4af0c6674bd28ebaf69572fa918bff93a353f27577389bf49f761e10991de4f8f351b09a10a4cfcea383216b759702d4615ee58ebc96ea37d278
  languageName: node
  linkType: hard

"@material/tab-indicator@npm:15.0.0-canary.7f224ddd4.0":
  version: 15.0.0-canary.7f224ddd4.0
  resolution: "@material/tab-indicator@npm:15.0.0-canary.7f224ddd4.0"
  dependencies:
    "@material/animation": "npm:15.0.0-canary.7f224ddd4.0"
    "@material/base": "npm:15.0.0-canary.7f224ddd4.0"
    "@material/feature-targeting": "npm:15.0.0-canary.7f224ddd4.0"
    "@material/theme": "npm:15.0.0-canary.7f224ddd4.0"
    tslib: "npm:^2.1.0"
  checksum: 10/80a6afef3f50bf0403d8c250c94a71cdcbd68dd8af7ee0524aa6d16365917ec2f1bdfb4e3d066807ab49d88fa91884fce33696d8fff75816242417c78f0f53ed
  languageName: node
  linkType: hard

"@material/tab-scroller@npm:15.0.0-canary.7f224ddd4.0":
  version: 15.0.0-canary.7f224ddd4.0
  resolution: "@material/tab-scroller@npm:15.0.0-canary.7f224ddd4.0"
  dependencies:
    "@material/animation": "npm:15.0.0-canary.7f224ddd4.0"
    "@material/base": "npm:15.0.0-canary.7f224ddd4.0"
    "@material/dom": "npm:15.0.0-canary.7f224ddd4.0"
    "@material/feature-targeting": "npm:15.0.0-canary.7f224ddd4.0"
    "@material/tab": "npm:15.0.0-canary.7f224ddd4.0"
    tslib: "npm:^2.1.0"
  checksum: 10/dbcdc607f5dfc1e4c5109ceeb05fdaa967c9ddf5430df00a628f37550c4faa0d1e833125c266229a56418a556c0933e0289a7c45289b884665e143bd6534ef5f
  languageName: node
  linkType: hard

"@material/tab@npm:15.0.0-canary.7f224ddd4.0":
  version: 15.0.0-canary.7f224ddd4.0
  resolution: "@material/tab@npm:15.0.0-canary.7f224ddd4.0"
  dependencies:
    "@material/base": "npm:15.0.0-canary.7f224ddd4.0"
    "@material/elevation": "npm:15.0.0-canary.7f224ddd4.0"
    "@material/feature-targeting": "npm:15.0.0-canary.7f224ddd4.0"
    "@material/focus-ring": "npm:15.0.0-canary.7f224ddd4.0"
    "@material/ripple": "npm:15.0.0-canary.7f224ddd4.0"
    "@material/rtl": "npm:15.0.0-canary.7f224ddd4.0"
    "@material/tab-indicator": "npm:15.0.0-canary.7f224ddd4.0"
    "@material/theme": "npm:15.0.0-canary.7f224ddd4.0"
    "@material/tokens": "npm:15.0.0-canary.7f224ddd4.0"
    "@material/typography": "npm:15.0.0-canary.7f224ddd4.0"
    tslib: "npm:^2.1.0"
  checksum: 10/fac75af586ed10f94a7c91b9179d40befb5ad21a9c7cf75fa72689fc3b71dbc68f9d389a3414db767ecd54ddcf6aa2d7e76a05e2ad5117dda93e2fa31f81f603
  languageName: node
  linkType: hard

"@material/textfield@npm:15.0.0-canary.7f224ddd4.0":
  version: 15.0.0-canary.7f224ddd4.0
  resolution: "@material/textfield@npm:15.0.0-canary.7f224ddd4.0"
  dependencies:
    "@material/animation": "npm:15.0.0-canary.7f224ddd4.0"
    "@material/base": "npm:15.0.0-canary.7f224ddd4.0"
    "@material/density": "npm:15.0.0-canary.7f224ddd4.0"
    "@material/dom": "npm:15.0.0-canary.7f224ddd4.0"
    "@material/feature-targeting": "npm:15.0.0-canary.7f224ddd4.0"
    "@material/floating-label": "npm:15.0.0-canary.7f224ddd4.0"
    "@material/line-ripple": "npm:15.0.0-canary.7f224ddd4.0"
    "@material/notched-outline": "npm:15.0.0-canary.7f224ddd4.0"
    "@material/ripple": "npm:15.0.0-canary.7f224ddd4.0"
    "@material/rtl": "npm:15.0.0-canary.7f224ddd4.0"
    "@material/shape": "npm:15.0.0-canary.7f224ddd4.0"
    "@material/theme": "npm:15.0.0-canary.7f224ddd4.0"
    "@material/tokens": "npm:15.0.0-canary.7f224ddd4.0"
    "@material/typography": "npm:15.0.0-canary.7f224ddd4.0"
    tslib: "npm:^2.1.0"
  checksum: 10/76bec89372e51ba961ff352bebc69f8f7c72142cdc63cfc01f630f6143054270af6101b030a4e46412140e9d625ac586c2cb5d6e62bf4ad8f68875195525e603
  languageName: node
  linkType: hard

"@material/theme@npm:15.0.0-canary.7f224ddd4.0":
  version: 15.0.0-canary.7f224ddd4.0
  resolution: "@material/theme@npm:15.0.0-canary.7f224ddd4.0"
  dependencies:
    "@material/feature-targeting": "npm:15.0.0-canary.7f224ddd4.0"
    tslib: "npm:^2.1.0"
  checksum: 10/07bc6fdf4ea91bfb7aa42fbd8b94c84f6f07dac7d6f5114d6aa92b864e1705bd40e7f2691c8765fd7fb3014c2cf1189c0be2c1977e5a1fade91014e72c1068f1
  languageName: node
  linkType: hard

"@material/tokens@npm:15.0.0-canary.7f224ddd4.0":
  version: 15.0.0-canary.7f224ddd4.0
  resolution: "@material/tokens@npm:15.0.0-canary.7f224ddd4.0"
  dependencies:
    "@material/elevation": "npm:15.0.0-canary.7f224ddd4.0"
  checksum: 10/c494e6ca0c2e8d76e004e670c121e5a2aced44dcff64cedbccdccbeb3d86e326bfdb742d8b23a4fee7d86ef47fb2378d1ee6d1d20c233cebbfe701f1450db453
  languageName: node
  linkType: hard

"@material/tooltip@npm:15.0.0-canary.7f224ddd4.0":
  version: 15.0.0-canary.7f224ddd4.0
  resolution: "@material/tooltip@npm:15.0.0-canary.7f224ddd4.0"
  dependencies:
    "@material/animation": "npm:15.0.0-canary.7f224ddd4.0"
    "@material/base": "npm:15.0.0-canary.7f224ddd4.0"
    "@material/button": "npm:15.0.0-canary.7f224ddd4.0"
    "@material/dom": "npm:15.0.0-canary.7f224ddd4.0"
    "@material/elevation": "npm:15.0.0-canary.7f224ddd4.0"
    "@material/feature-targeting": "npm:15.0.0-canary.7f224ddd4.0"
    "@material/rtl": "npm:15.0.0-canary.7f224ddd4.0"
    "@material/shape": "npm:15.0.0-canary.7f224ddd4.0"
    "@material/theme": "npm:15.0.0-canary.7f224ddd4.0"
    "@material/tokens": "npm:15.0.0-canary.7f224ddd4.0"
    "@material/typography": "npm:15.0.0-canary.7f224ddd4.0"
    safevalues: "npm:^0.3.4"
    tslib: "npm:^2.1.0"
  checksum: 10/f362cf3064b13459cec2ddbf1ced51c8457e981f62e61ca099e370d64478a95e6f7e4ff93928e7577d0f50d52e4d7078ca362d83f5a92d1fc55d247eaf427cdd
  languageName: node
  linkType: hard

"@material/top-app-bar@npm:15.0.0-canary.7f224ddd4.0":
  version: 15.0.0-canary.7f224ddd4.0
  resolution: "@material/top-app-bar@npm:15.0.0-canary.7f224ddd4.0"
  dependencies:
    "@material/animation": "npm:15.0.0-canary.7f224ddd4.0"
    "@material/base": "npm:15.0.0-canary.7f224ddd4.0"
    "@material/elevation": "npm:15.0.0-canary.7f224ddd4.0"
    "@material/ripple": "npm:15.0.0-canary.7f224ddd4.0"
    "@material/rtl": "npm:15.0.0-canary.7f224ddd4.0"
    "@material/shape": "npm:15.0.0-canary.7f224ddd4.0"
    "@material/theme": "npm:15.0.0-canary.7f224ddd4.0"
    "@material/typography": "npm:15.0.0-canary.7f224ddd4.0"
    tslib: "npm:^2.1.0"
  checksum: 10/fc5d50d33b36791877c870fab5ed8422968c3bca4634b2f181b2763747db08fc3d83f0e52b11e50a88c9da555b35b11374b29df553828edeaa9cd67762984963
  languageName: node
  linkType: hard

"@material/touch-target@npm:15.0.0-canary.7f224ddd4.0":
  version: 15.0.0-canary.7f224ddd4.0
  resolution: "@material/touch-target@npm:15.0.0-canary.7f224ddd4.0"
  dependencies:
    "@material/base": "npm:15.0.0-canary.7f224ddd4.0"
    "@material/feature-targeting": "npm:15.0.0-canary.7f224ddd4.0"
    "@material/rtl": "npm:15.0.0-canary.7f224ddd4.0"
    "@material/theme": "npm:15.0.0-canary.7f224ddd4.0"
    tslib: "npm:^2.1.0"
  checksum: 10/0eabac7cf2fd8efcff0d153fda10392ab6311445188c0ec8c87a1f252f522e9bb7059721d4d65618d7d5461238434aa51eabaa05e8118d2c3056499db8544c9b
  languageName: node
  linkType: hard

"@material/typography@npm:15.0.0-canary.7f224ddd4.0":
  version: 15.0.0-canary.7f224ddd4.0
  resolution: "@material/typography@npm:15.0.0-canary.7f224ddd4.0"
  dependencies:
    "@material/feature-targeting": "npm:15.0.0-canary.7f224ddd4.0"
    "@material/theme": "npm:15.0.0-canary.7f224ddd4.0"
    tslib: "npm:^2.1.0"
  checksum: 10/4b865a7a647a4dd085c15c5c5f20b6259262cf922e2ab81ddc83818bc3179400f308d6cfa7ce369cba50a93b58929c8166535826701416355c005b316e995f42
  languageName: node
  linkType: hard

"async@workspace:.":
  version: 0.0.0-use.local
  resolution: "async@workspace:."
  dependencies:
    "@angular/cdk": "npm:^17.3.3"
    "@angular/material": "npm:^17.3.3"
  languageName: unknown
  linkType: soft

"entities@npm:^4.4.0":
  version: 4.4.0
  resolution: "entities@npm:4.4.0"
  checksum: 10/b627cb900e901cc7817037b83bf993a1cbf6a64850540f7526af7bcf9c7d09ebc671198e6182cfae4680f733799e2852e6a1c46aa62ff36eb99680057a038df5
  languageName: node
  linkType: hard

"parse5@npm:^7.1.2":
  version: 7.1.2
  resolution: "parse5@npm:7.1.2"
  dependencies:
    entities: "npm:^4.4.0"
  checksum: 10/3c86806bb0fb1e9a999ff3a4c883b1ca243d99f45a619a0898dbf021a95a0189ed955c31b07fe49d342b54e814f33f2c9d7489198e8630dacd5477d413ec5782
  languageName: node
  linkType: hard

"safevalues@npm:^0.3.4":
  version: 0.3.4
  resolution: "safevalues@npm:0.3.4"
  checksum: 10/27b655a5ecc5f2d2922228e5eb70ce4af3b8d1a7a84f856f0e2612424c3c20233dcb09b7971c1af4c06f816c24d12a1db061e1b9bf2805a524c5dc82c0233f8d
  languageName: node
  linkType: hard

"tslib@npm:^2.1.0, tslib@npm:^2.3.0":
  version: 2.4.1
  resolution: "tslib@npm:2.4.1"
  checksum: 10/e14311d5392ec0e3519feb9afdb54483d7f3aa2d3def6f1a1a30bd3deca5dfeadd106e80bee9ba880bce86a2e50854c9fe5958572cd188d7ac6f8625101a6a8f
  languageName: node
  linkType: hard
